// !$*UTF8*$!
{
	archiveVersion = 1;
	classes = {
	};
	objectVersion = 56;
	objects = {

/* Begin PBXBuildFile section */
		0A0D95B629D0C3D000B798BE /* AppDelegate.swift in Sources */ = {isa = PBXBuildFile; fileRef = 0A0D95B529D0C3D000B798BE /* AppDelegate.swift */; };
		0A0D95B829D0C3D000B798BE /* SceneDelegate.swift in Sources */ = {isa = PBXBuildFile; fileRef = 0A0D95B729D0C3D000B798BE /* SceneDelegate.swift */; };
		0A0D95BA29D0C3D000B798BE /* ViewController.swift in Sources */ = {isa = PBXBuildFile; fileRef = 0A0D95B929D0C3D000B798BE /* ViewController.swift */; };
		0A0D95BD29D0C3D000B798BE /* Main.storyboard in Resources */ = {isa = PBXBuildFile; fileRef = 0A0D95BB29D0C3D000B798BE /* Main.storyboard */; };
		0A0D95BF29D0C3D100B798BE /* Assets.xcassets in Resources */ = {isa = PBXBuildFile; fileRef = 0A0D95BE29D0C3D100B798BE /* Assets.xcassets */; };
		0A0D95C229D0C3D100B798BE /* LaunchScreen.storyboard in Resources */ = {isa = PBXBuildFile; fileRef = 0A0D95C029D0C3D100B798BE /* LaunchScreen.storyboard */; };
		0A0D95CD29D0C3D100B798BE /* Navigation_Controller_OzellestirmeTests.swift in Sources */ = {isa = PBXBuildFile; fileRef = 0A0D95CC29D0C3D100B798BE /* Navigation_Controller_OzellestirmeTests.swift */; };
		0A0D95D729D0C3D100B798BE /* Navigation_Controller_OzellestirmeUITests.swift in Sources */ = {isa = PBXBuildFile; fileRef = 0A0D95D629D0C3D100B798BE /* Navigation_Controller_OzellestirmeUITests.swift */; };
		0A0D95D929D0C3D100B798BE /* Navigation_Controller_OzellestirmeUITestsLaunchTests.swift in Sources */ = {isa = PBXBuildFile; fileRef = 0A0D95D829D0C3D100B798BE /* Navigation_Controller_OzellestirmeUITestsLaunchTests.swift */; };
/* End PBXBuildFile section */

/* Begin PBXContainerItemProxy section */
		0A0D95C929D0C3D100B798BE /* PBXContainerItemProxy */ = {
			isa = PBXContainerItemProxy;
			containerPortal = 0A0D95AA29D0C3D000B798BE /* Project object */;
			proxyType = 1;
			remoteGlobalIDString = 0A0D95B129D0C3D000B798BE;
			remoteInfo = "Navigation Controller Ozellestirme";
		};
		0A0D95D329D0C3D100B798BE /* PBXContainerItemProxy */ = {
			isa = PBXContainerItemProxy;
			containerPortal = 0A0D95AA29D0C3D000B798BE /* Project object */;
			proxyType = 1;
			remoteGlobalIDString = 0A0D95B129D0C3D000B798BE;
			remoteInfo = "Navigation Controller Ozellestirme";
		};
/* End PBXContainerItemProxy section */

/* Begin PBXFileReference section */
		0A0D95B229D0C3D000B798BE /* Navigation Controller Ozellestirme.app */ = {isa = PBXFileReference; explicitFileType = wrapper.application; includeInIndex = 0; path = "Navigation Controller Ozellestirme.app"; sourceTree = BUILT_PRODUCTS_DIR; };
		0A0D95B529D0C3D000B798BE /* AppDelegate.swift */ = {isa = PBXFileReference; lastKnownFileType = sourcecode.swift; path = AppDelegate.swift; sourceTree = "<group>"; };
		0A0D95B729D0C3D000B798BE /* SceneDelegate.swift */ = {isa = PBXFileReference; lastKnownFileType = sourcecode.swift; path = SceneDelegate.swift; sourceTree = "<group>"; };
		0A0D95B929D0C3D000B798BE /* ViewController.swift */ = {isa = PBXFileReference; lastKnownFileType = sourcecode.swift; path = ViewController.swift; sourceTree = "<group>"; };
		0A0D95BC29D0C3D000B798BE /* Base */ = {isa = PBXFileReference; lastKnownFileType = file.storyboard; name = Base; path = Base.lproj/Main.storyboard; sourceTree = "<group>"; };
		0A0D95BE29D0C3D100B798BE /* Assets.xcassets */ = {isa = PBXFileReference; lastKnownFileType = folder.assetcatalog; path = Assets.xcassets; sourceTree = "<group>"; };
		0A0D95C129D0C3D100B798BE /* Base */ = {isa = PBXFileReference; lastKnownFileType = file.storyboard; name = Base; path = Base.lproj/LaunchScreen.storyboard; sourceTree = "<group>"; };
		0A0D95C329D0C3D100B798BE /* Info.plist */ = {isa = PBXFileReference; lastKnownFileType = text.plist.xml; path = Info.plist; sourceTree = "<group>"; };
		0A0D95C829D0C3D100B798BE /* Navigation Controller OzellestirmeTests.xctest */ = {isa = PBXFileReference; explicitFileType = wrapper.cfbundle; includeInIndex = 0; path = "Navigation Controller OzellestirmeTests.xctest"; sourceTree = BUILT_PRODUCTS_DIR; };
		0A0D95CC29D0C3D100B798BE /* Navigation_Controller_OzellestirmeTests.swift */ = {isa = PBXFileReference; lastKnownFileType = sourcecode.swift; path = Navigation_Controller_OzellestirmeTests.swift; sourceTree = "<group>"; };
		0A0D95D229D0C3D100B798BE /* Navigation Controller OzellestirmeUITests.xctest */ = {isa = PBXFileReference; explicitFileType = wrapper.cfbundle; includeInIndex = 0; path = "Navigation Controller OzellestirmeUITests.xctest"; sourceTree = BUILT_PRODUCTS_DIR; };
		0A0D95D629D0C3D100B798BE /* Navigation_Controller_OzellestirmeUITests.swift */ = {isa = PBXFileReference; lastKnownFileType = sourcecode.swift; path = Navigation_Controller_OzellestirmeUITests.swift; sourceTree = "<group>"; };
		0A0D95D829D0C3D100B798BE /* Navigation_Controller_OzellestirmeUITestsLaunchTests.swift */ = {isa = PBXFileReference; lastKnownFileType = sourcecode.swift; path = Navigation_Controller_OzellestirmeUITestsLaunchTests.swift; sourceTree = "<group>"; };
/* End PBXFileReference section */

/* Begin PBXFrameworksBuildPhase section */
		0A0D95AF29D0C3D000B798BE /* Frameworks */ = {
			isa = PBXFrameworksBuildPhase;
			buildActionMask = 2147483647;
			files = (
			);
			runOnlyForDeploymentPostprocessing = 0;
		};
		0A0D95C529D0C3D100B798BE /* Frameworks */ = {
			isa = PBXFrameworksBuildPhase;
			buildActionMask = 2147483647;
			files = (
			);
			runOnlyForDeploymentPostprocessing = 0;
		};
		0A0D95CF29D0C3D100B798BE /* Frameworks */ = {
			isa = PBXFrameworksBuildPhase;
			buildActionMask = 2147483647;
			files = (
			);
			runOnlyForDeploymentPostprocessing = 0;
		};
/* End PBXFrameworksBuildPhase section */

/* Begin PBXGroup section */
		0A0D95A929D0C3D000B798BE = {
			isa = PBXGroup;
			children = (
				0A0D95B429D0C3D000B798BE /* Navigation Controller Ozellestirme */,
				0A0D95CB29D0C3D100B798BE /* Navigation Controller OzellestirmeTests */,
				0A0D95D529D0C3D100B798BE /* Navigation Controller OzellestirmeUITests */,
				0A0D95B329D0C3D000B798BE /* Products */,
			);
			sourceTree = "<group>";
		};
		0A0D95B329D0C3D000B798BE /* Products */ = {
			isa = PBXGroup;
			children = (
				0A0D95B229D0C3D000B798BE /* Navigation Controller Ozellestirme.app */,
				0A0D95C829D0C3D100B798BE /* Navigation Controller OzellestirmeTests.xctest */,
				0A0D95D229D0C3D100B798BE /* Navigation Controller OzellestirmeUITests.xctest */,
			);
			name = Products;
			sourceTree = "<group>";
		};
		0A0D95B429D0C3D000B798BE /* Navigation Controller Ozellestirme */ = {
			isa = PBXGroup;
			children = (
				0A0D95B529D0C3D000B798BE /* AppDelegate.swift */,
				0A0D95B729D0C3D000B798BE /* SceneDelegate.swift */,
				0A0D95B929D0C3D000B798BE /* ViewController.swift */,
				0A0D95BB29D0C3D000B798BE /* Main.storyboard */,
				0A0D95BE29D0C3D100B798BE /* Assets.xcassets */,
				0A0D95C029D0C3D100B798BE /* LaunchScreen.storyboard */,
				0A0D95C329D0C3D100B798BE /* Info.plist */,
			);
			path = "Navigation Controller Ozellestirme";
			sourceTree = "<group>";
		};
		0A0D95CB29D0C3D100B798BE /* Navigation Controller OzellestirmeTests */ = {
			isa = PBXGroup;
			children = (
				0A0D95CC29D0C3D100B798BE /* Navigation_Controller_OzellestirmeTests.swift */,
			);
			path = "Navigation Controller OzellestirmeTests";
			sourceTree = "<group>";
		};
		0A0D95D529D0C3D100B798BE /* Navigation Controller OzellestirmeUITests */ = {
			isa = PBXGroup;
			children = (
				0A0D95D629D0C3D100B798BE /* Navigation_Controller_OzellestirmeUITests.swift */,
				0A0D95D829D0C3D100B798BE /* Navigation_Controller_OzellestirmeUITestsLaunchTests.swift */,
			);
			path = "Navigation Controller OzellestirmeUITests";
			sourceTree = "<group>";
		};
/* End PBXGroup section */

/* Begin PBXNativeTarget section */
		0A0D95B129D0C3D000B798BE /* Navigation Controller Ozellestirme */ = {
			isa = PBXNativeTarget;
			buildConfigurationList = 0A0D95DC29D0C3D100B798BE /* Build configuration list for PBXNativeTarget "Navigation Controller Ozellestirme" */;
			buildPhases = (
				0A0D95AE29D0C3D000B798BE /* Sources */,
				0A0D95AF29D0C3D000B798BE /* Frameworks */,
				0A0D95B029D0C3D000B798BE /* Resources */,
			);
			buildRules = (
			);
			dependencies = (
			);
			name = "Navigation Controller Ozellestirme";
			productName = "Navigation Controller Ozellestirme";
			productReference = 0A0D95B229D0C3D000B798BE /* Navigation Controller Ozellestirme.app */;
			productType = "com.apple.product-type.application";
		};
		0A0D95C729D0C3D100B798BE /* Navigation Controller OzellestirmeTests */ = {
			isa = PBXNativeTarget;
			buildConfigurationList = 0A0D95DF29D0C3D100B798BE /* Build configuration list for PBXNativeTarget "Navigation Controller OzellestirmeTests" */;
			buildPhases = (
				0A0D95C429D0C3D100B798BE /* Sources */,
				0A0D95C529D0C3D100B798BE /* Frameworks */,
				0A0D95C629D0C3D100B798BE /* Resources */,
			);
			buildRules = (
			);
			dependencies = (
				0A0D95CA29D0C3D100B798BE /* PBXTargetDependency */,
			);
			name = "Navigation Controller OzellestirmeTests";
			productName = "Navigation Controller OzellestirmeTests";
			productReference = 0A0D95C829D0C3D100B798BE /* Navigation Controller OzellestirmeTests.xctest */;
			productType = "com.apple.product-type.bundle.unit-test";
		};
		0A0D95D129D0C3D100B798BE /* Navigation Controller OzellestirmeUITests */ = {
			isa = PBXNativeTarget;
			buildConfigurationList = 0A0D95E229D0C3D100B798BE /* Build configuration list for PBXNativeTarget "Navigation Controller OzellestirmeUITests" */;
			buildPhases = (
				0A0D95CE29D0C3D100B798BE /* Sources */,
				0A0D95CF29D0C3D100B798BE /* Frameworks */,
				0A0D95D029D0C3D100B798BE /* Resources */,
			);
			buildRules = (
			);
			dependencies = (
				0A0D95D429D0C3D100B798BE /* PBXTargetDependency */,
			);
			name = "Navigation Controller OzellestirmeUITests";
			productName = "Navigation Controller OzellestirmeUITests";
			productReference = 0A0D95D229D0C3D100B798BE /* Navigation Controller OzellestirmeUITests.xctest */;
			productType = "com.apple.product-type.bundle.ui-testing";
		};
/* End PBXNativeTarget section */

/* Begin PBXProject section */
		0A0D95AA29D0C3D000B798BE /* Project object */ = {
			isa = PBXProject;
			attributes = {
				BuildIndependentTargetsInParallel = 1;
				LastSwiftUpdateCheck = 1420;
				LastUpgradeCheck = 1420;
				TargetAttributes = {
					0A0D95B129D0C3D000B798BE = {
						CreatedOnToolsVersion = 14.2;
					};
					0A0D95C729D0C3D100B798BE = {
						CreatedOnToolsVersion = 14.2;
						TestTargetID = 0A0D95B129D0C3D000B798BE;
					};
					0A0D95D129D0C3D100B798BE = {
						CreatedOnToolsVersion = 14.2;
						TestTargetID = 0A0D95B129D0C3D000B798BE;
					};
				};
			};
			buildConfigurationList = 0A0D95AD29D0C3D000B798BE /* Build configuration list for PBXProject "Navigation Controller Ozellestirme" */;
			compatibilityVersion = "Xcode 14.0";
			developmentRegion = en;
			hasScannedForEncodings = 0;
			knownRegions = (
				en,
				Base,
			);
			mainGroup = 0A0D95A929D0C3D000B798BE;
			productRefGroup = 0A0D95B329D0C3D000B798BE /* Products */;
			projectDirPath = "";
			projectRoot = "";
			targets = (
				0A0D95B129D0C3D000B798BE /* Navigation Controller Ozellestirme */,
				0A0D95C729D0C3D100B798BE /* Navigation Controller OzellestirmeTests */,
				0A0D95D129D0C3D100B798BE /* Navigation Controller OzellestirmeUITests */,
			);
		};
/* End PBXProject section */

/* Begin PBXResourcesBuildPhase section */
		0A0D95B029D0C3D000B798BE /* Resources */ = {
			isa = PBXResourcesBuildPhase;
			buildActionMask = 2147483647;
			files = (
				0A0D95C229D0C3D100B798BE /* LaunchScreen.storyboard in Resources */,
				0A0D95BF29D0C3D100B798BE /* Assets.xcassets in Resources */,
				0A0D95BD29D0C3D000B798BE /* Main.storyboard in Resources */,
			);
			runOnlyForDeploymentPostprocessing = 0;
		};
		0A0D95C629D0C3D100B798BE /* Resources */ = {
			isa = PBXResourcesBuildPhase;
			buildActionMask = 2147483647;
			files = (
			);
			runOnlyForDeploymentPostprocessing = 0;
		};
		0A0D95D029D0C3D100B798BE /* Resources */ = {
			isa = PBXResourcesBuildPhase;
			buildActionMask = 2147483647;
			files = (
			);
			runOnlyForDeploymentPostprocessing = 0;
		};
/* End PBXResourcesBuildPhase section */

/* Begin PBXSourcesBuildPhase section */
		0A0D95AE29D0C3D000B798BE /* Sources */ = {
			isa = PBXSourcesBuildPhase;
			buildActionMask = 2147483647;
			files = (
				0A0D95BA29D0C3D000B798BE /* ViewController.swift in Sources */,
				0A0D95B629D0C3D000B798BE /* AppDelegate.swift in Sources */,
				0A0D95B829D0C3D000B798BE /* SceneDelegate.swift in Sources */,
			);
			runOnlyForDeploymentPostprocessing = 0;
		};
		0A0D95C429D0C3D100B798BE /* Sources */ = {
			isa = PBXSourcesBuildPhase;
			buildActionMask = 2147483647;
			files = (
				0A0D95CD29D0C3D100B798BE /* Navigation_Controller_OzellestirmeTests.swift in Sources */,
			);
			runOnlyForDeploymentPostprocessing = 0;
		};
		0A0D95CE29D0C3D100B798BE /* Sources */ = {
			isa = PBXSourcesBuildPhase;
			buildActionMask = 2147483647;
			files = (
				0A0D95D729D0C3D100B798BE /* Navigation_Controller_OzellestirmeUITests.swift in Sources */,
				0A0D95D929D0C3D100B798BE /* Navigation_Controller_OzellestirmeUITestsLaunchTests.swift in Sources */,
			);
			runOnlyForDeploymentPostprocessing = 0;
		};
/* End PBXSourcesBuildPhase section */

/* Begin PBXTargetDependency section */
		0A0D95CA29D0C3D100B798BE /* PBXTargetDependency */ = {
			isa = PBXTargetDependency;
			target = 0A0D95B129D0C3D000B798BE /* Navigation Controller Ozellestirme */;
			targetProxy = 0A0D95C929D0C3D100B798BE /* PBXContainerItemProxy */;
		};
		0A0D95D429D0C3D100B798BE /* PBXTargetDependency */ = {
			isa = PBXTargetDependency;
			target = 0A0D95B129D0C3D000B798BE /* Navigation Controller Ozellestirme */;
			targetProxy = 0A0D95D329D0C3D100B798BE /* PBXContainerItemProxy */;
		};
/* End PBXTargetDependency section */

/* Begin PBXVariantGroup section */
		0A0D95BB29D0C3D000B798BE /* Main.storyboard */ = {
			isa = PBXVariantGroup;
			children = (
				0A0D95BC29D0C3D000B798BE /* Base */,
			);
			name = Main.storyboard;
			sourceTree = "<group>";
		};
		0A0D95C029D0C3D100B798BE /* LaunchScreen.storyboard */ = {
			isa = PBXVariantGroup;
			children = (
				0A0D95C129D0C3D100B798BE /* Base */,
			);
			name = LaunchScreen.storyboard;
			sourceTree = "<group>";
		};
/* End PBXVariantGroup section */

/* Begin XCBuildConfiguration section */
		0A0D95DA29D0C3D100B798BE /* Debug */ = {
			isa = XCBuildConfiguration;
			buildSettings = {
				ALWAYS_SEARCH_USER_PATHS = NO;
				CLANG_ANALYZER_NONNULL = YES;
				CLANG_ANALYZER_NUMBER_OBJECT_CONVERSION = YES_AGGRESSIVE;
				CLANG_CXX_LANGUAGE_STANDARD = "gnu++20";
				CLANG_ENABLE_MODULES = YES;
				CLANG_ENABLE_OBJC_ARC = YES;
				CLANG_ENABLE_OBJC_WEAK = YES;
				CLANG_WARN_BLOCK_CAPTURE_AUTORELEASING = YES;
				CLANG_WARN_BOOL_CONVERSION = YES;
				CLANG_WARN_COMMA = YES;
				CLANG_WARN_CONSTANT_CONVERSION = YES;
				CLANG_WARN_DEPRECATED_OBJC_IMPLEMENTATIONS = YES;
				CLANG_WARN_DIRECT_OBJC_ISA_USAGE = YES_ERROR;
				CLANG_WARN_DOCUMENTATION_COMMENTS = YES;
				CLANG_WARN_EMPTY_BODY = YES;
				CLANG_WARN_ENUM_CONVERSION = YES;
				CLANG_WARN_INFINITE_RECURSION = YES;
				CLANG_WARN_INT_CONVERSION = YES;
				CLANG_WARN_NON_LITERAL_NULL_CONVERSION = YES;
				CLANG_WARN_OBJC_IMPLICIT_RETAIN_SELF = YES;
				CLANG_WARN_OBJC_LITERAL_CONVERSION = YES;
				CLANG_WARN_OBJC_ROOT_CLASS = YES_ERROR;
				CLANG_WARN_QUOTED_INCLUDE_IN_FRAMEWORK_HEADER = YES;
				CLANG_WARN_RANGE_LOOP_ANALYSIS = YES;
				CLANG_WARN_STRICT_PROTOTYPES = YES;
				CLANG_WARN_SUSPICIOUS_MOVE = YES;
				CLANG_WARN_UNGUARDED_AVAILABILITY = YES_AGGRESSIVE;
				CLANG_WARN_UNREACHABLE_CODE = YES;
				CLANG_WARN__DUPLICATE_METHOD_MATCH = YES;
				COPY_PHASE_STRIP = NO;
				DEBUG_INFORMATION_FORMAT = dwarf;
				ENABLE_STRICT_OBJC_MSGSEND = YES;
				ENABLE_TESTABILITY = YES;
				GCC_C_LANGUAGE_STANDARD = gnu11;
				GCC_DYNAMIC_NO_PIC = NO;
				GCC_NO_COMMON_BLOCKS = YES;
				GCC_OPTIMIZATION_LEVEL = 0;
				GCC_PREPROCESSOR_DEFINITIONS = (
					"DEBUG=1",
					"$(inherited)",
				);
				GCC_WARN_64_TO_32_BIT_CONVERSION = YES;
				GCC_WARN_ABOUT_RETURN_TYPE = YES_ERROR;
				GCC_WARN_UNDECLARED_SELECTOR = YES;
				GCC_WARN_UNINITIALIZED_AUTOS = YES_AGGRESSIVE;
				GCC_WARN_UNUSED_FUNCTION = YES;
				GCC_WARN_UNUSED_VARIABLE = YES;
				IPHONEOS_DEPLOYMENT_TARGET = 16.2;
				MTL_ENABLE_DEBUG_INFO = INCLUDE_SOURCE;
				MTL_FAST_MATH = YES;
				ONLY_ACTIVE_ARCH = YES;
				SDKROOT = iphoneos;
				SWIFT_ACTIVE_COMPILATION_CONDITIONS = DEBUG;
				SWIFT_OPTIMIZATION_LEVEL = "-Onone";
			};
			name = Debug;
		};
		0A0D95DB29D0C3D100B798BE /* Release */ = {
			isa = XCBuildConfiguration;
			buildSettings = {
				ALWAYS_SEARCH_USER_PATHS = NO;
				CLANG_ANALYZER_NONNULL = YES;
				CLANG_ANALYZER_NUMBER_OBJECT_CONVERSION = YES_AGGRESSIVE;
				CLANG_CXX_LANGUAGE_STANDARD = "gnu++20";
				CLANG_ENABLE_MODULES = YES;
				CLANG_ENABLE_OBJC_ARC = YES;
				CLANG_ENABLE_OBJC_WEAK = YES;
				CLANG_WARN_BLOCK_CAPTURE_AUTORELEASING = YES;
				CLANG_WARN_BOOL_CONVERSION = YES;
				CLANG_WARN_COMMA = YES;
				CLANG_WARN_CONSTANT_CONVERSION = YES;
				CLANG_WARN_DEPRECATED_OBJC_IMPLEMENTATIONS = YES;
				CLANG_WARN_DIRECT_OBJC_ISA_USAGE = YES_ERROR;
				CLANG_WARN_DOCUMENTATION_COMMENTS = YES;
				CLANG_WARN_EMPTY_BODY = YES;
				CLANG_WARN_ENUM_CONVERSION = YES;
				CLANG_WARN_INFINITE_RECURSION = YES;
				CLANG_WARN_INT_CONVERSION = YES;
				CLANG_WARN_NON_LITERAL_NULL_CONVERSION = YES;
				CLANG_WARN_OBJC_IMPLICIT_RETAIN_SELF = YES;
				CLANG_WARN_OBJC_LITERAL_CONVERSION = YES;
				CLANG_WARN_OBJC_ROOT_CLASS = YES_ERROR;
				CLANG_WARN_QUOTED_INCLUDE_IN_FRAMEWORK_HEADER = YES;
				CLANG_WARN_RANGE_LOOP_ANALYSIS = YES;
				CLANG_WARN_STRICT_PROTOTYPES = YES;
				CLANG_WARN_SUSPICIOUS_MOVE = YES;
				CLANG_WARN_UNGUARDED_AVAILABILITY = YES_AGGRESSIVE;
				CLANG_WARN_UNREACHABLE_CODE = YES;
				CLANG_WARN__DUPLICATE_METHOD_MATCH = YES;
				COPY_PHASE_STRIP = NO;
				DEBUG_INFORMATION_FORMAT = "dwarf-with-dsym";
				ENABLE_NS_ASSERTIONS = NO;
				ENABLE_STRICT_OBJC_MSGSEND = YES;
				GCC_C_LANGUAGE_STANDARD = gnu11;
				GCC_NO_COMMON_BLOCKS = YES;
				GCC_WARN_64_TO_32_BIT_CONVERSION = YES;
				GCC_WARN_ABOUT_RETURN_TYPE = YES_ERROR;
				GCC_WARN_UNDECLARED_SELECTOR = YES;
				GCC_WARN_UNINITIALIZED_AUTOS = YES_AGGRESSIVE;
				GCC_WARN_UNUSED_FUNCTION = YES;
				GCC_WARN_UNUSED_VARIABLE = YES;
				IPHONEOS_DEPLOYMENT_TARGET = 16.2;
				MTL_ENABLE_DEBUG_INFO = NO;
				MTL_FAST_MATH = YES;
				SDKROOT = iphoneos;
				SWIFT_COMPILATION_MODE = wholemodule;
				SWIFT_OPTIMIZATION_LEVEL = "-O";
				VALIDATE_PRODUCT = YES;
			};
			name = Release;
		};
		0A0D95DD29D0C3D100B798BE /* Debug */ = {
			isa = XCBuildConfiguration;
			buildSettings = {
				ASSETCATALOG_COMPILER_APPICON_NAME = AppIcon;
				ASSETCATALOG_COMPILER_GLOBAL_ACCENT_COLOR_NAME = AccentColor;
				CODE_SIGN_STYLE = Automatic;
				CURRENT_PROJECT_VERSION = 1;
				GENERATE_INFOPLIST_FILE = YES;
				INFOPLIST_FILE = "Navigation Controller Ozellestirme/Info.plist";
				INFOPLIST_KEY_UIApplicationSupportsIndirectInputEvents = YES;
				INFOPLIST_KEY_UILaunchStoryboardName = LaunchScreen;
				INFOPLIST_KEY_UIMainStoryboardFile = Main;
				INFOPLIST_KEY_UISupportedInterfaceOrientations_iPad = "UIInterfaceOrientationPortrait UIInterfaceOrientationPortraitUpsideDown UIInterfaceOrientationLandscapeLeft UIInterfaceOrientationLandscapeRight";
				INFOPLIST_KEY_UISupportedInterfaceOrientations_iPhone = "UIInterfaceOrientationPortrait UIInterfaceOrientationLandscapeLeft UIInterfaceOrientationLandscapeRight";
				LD_RUNPATH_SEARCH_PATHS = (
					"$(inherited)",
					"@executable_path/Frameworks",
				);
				MARKETING_VERSION = 1.0;
				PRODUCT_BUNDLE_IDENTIFIER = "yurken.Navigation-Controller-Ozellestirme";
				PRODUCT_NAME = "$(TARGET_NAME)";
				SWIFT_EMIT_LOC_STRINGS = YES;
				SWIFT_VERSION = 5.0;
				TARGETED_DEVICE_FAMILY = "1,2";
			};
			name = Debug;
		};
		0A0D95DE29D0C3D100B798BE /* Release */ = {
			isa = XCBuildConfiguration;
			buildSettings = {
				ASSETCATALOG_COMPILER_APPICON_NAME = AppIcon;
				ASSETCATALOG_COMPILER_GLOBAL_ACCENT_COLOR_NAME = AccentColor;
				CODE_SIGN_STYLE = Automatic;
				CURRENT_PROJECT_VERSION = 1;
				GENERATE_INFOPLIST_FILE = YES;
				INFOPLIST_FILE = "Navigation Controller Ozellestirme/Info.plist";
				INFOPLIST_KEY_UIApplicationSupportsIndirectInputEvents = YES;
				INFOPLIST_KEY_UILaunchStoryboardName = LaunchScreen;
				INFOPLIST_KEY_UIMainStoryboardFile = Main;
				INFOPLIST_KEY_UISupportedInterfaceOrientations_iPad = "UIInterfaceOrientationPortrait UIInterfaceOrientationPortraitUpsideDown UIInterfaceOrientationLandscapeLeft UIInterfaceOrientationLandscapeRight";
				INFOPLIST_KEY_UISupportedInterfaceOrientations_iPhone = "UIInterfaceOrientationPortrait UIInterfaceOrientationLandscapeLeft UIInterfaceOrientationLandscapeRight";
				LD_RUNPATH_SEARCH_PATHS = (
					"$(inherited)",
					"@executable_path/Frameworks",
				);
				MARKETING_VERSION = 1.0;
				PRODUCT_BUNDLE_IDENTIFIER = "yurken.Navigation-Controller-Ozellestirme";
				PRODUCT_NAME = "$(TARGET_NAME)";
				SWIFT_EMIT_LOC_STRINGS = YES;
				SWIFT_VERSION = 5.0;
				TARGETED_DEVICE_FAMILY = "1,2";
			};
			name = Release;
		};
		0A0D95E029D0C3D100B798BE /* Debug */ = {
			isa = XCBuildConfiguration;
			buildSettings = {
				ALWAYS_EMBED_SWIFT_STANDARD_LIBRARIES = YES;
				BUNDLE_LOADER = "$(TEST_HOST)";
				CODE_SIGN_STYLE = Automatic;
				CURRENT_PROJECT_VERSION = 1;
				GENERATE_INFOPLIST_FILE = YES;
				IPHONEOS_DEPLOYMENT_TARGET = 16.2;
				MARKETING_VERSION = 1.0;
				PRODUCT_BUNDLE_IDENTIFIER = "yurken.Navigation-Controller-OzellestirmeTests";
				PRODUCT_NAME = "$(TARGET_NAME)";
				SWIFT_EMIT_LOC_STRINGS = NO;
				SWIFT_VERSION = 5.0;
				TARGETED_DEVICE_FAMILY = "1,2";
				TEST_HOST = "$(BUILT_PRODUCTS_DIR)/Navigation Controller Ozellestirme.app/$(BUNDLE_EXECUTABLE_FOLDER_PATH)/Navigation Controller Ozellestirme";
			};
			name = Debug;
		};
		0A0D95E129D0C3D100B798BE /* Release */ = {
			isa = XCBuildConfiguration;
			buildSettings = {
				ALWAYS_EMBED_SWIFT_STANDARD_LIBRARIES = YES;
				BUNDLE_LOADER = "$(TEST_HOST)";
				CODE_SIGN_STYLE = Automatic;
				CURRENT_PROJECT_VERSION = 1;
				GENERATE_INFOPLIST_FILE = YES;
				IPHONEOS_DEPLOYMENT_TARGET = 16.2;
				MARKETING_VERSION = 1.0;
				PRODUCT_BUNDLE_IDENTIFIER = "yurken.Navigation-Controller-OzellestirmeTests";
				PRODUCT_NAME = "$(TARGET_NAME)";
				SWIFT_EMIT_LOC_STRINGS = NO;
				SWIFT_VERSION = 5.0;
				TARGETED_DEVICE_FAMILY = "1,2";
				TEST_HOST = "$(BUILT_PRODUCTS_DIR)/Navigation Controller Ozellestirme.app/$(BUNDLE_EXECUTABLE_FOLDER_PATH)/Navigation Controller Ozellestirme";
			};
			name = Release;
		};
		0A0D95E329D0C3D100B798BE /* Debug */ = {
			isa = XCBuildConfiguration;
			buildSettings = {
				ALWAYS_EMBED_SWIFT_STANDARD_LIBRARIES = YES;
				CODE_SIGN_STYLE = Automatic;
				CURRENT_PROJECT_VERSION = 1;
				GENERATE_INFOPLIST_FILE = YES;
				MARKETING_VERSION = 1.0;
				PRODUCT_BUNDLE_IDENTIFIER = "yurken.Navigation-Controller-OzellestirmeUITests";
				PRODUCT_NAME = "$(TARGET_NAME)";
				SWIFT_EMIT_LOC_STRINGS = NO;
				SWIFT_VERSION = 5.0;
				TARGETED_DEVICE_FAMILY = "1,2";
				TEST_TARGET_NAME = "Navigation Controller Ozellestirme";
			};
			name = Debug;
		};
		0A0D95E429D0C3D100B798BE /* Release */ = {
			isa = XCBuildConfiguration;
			buildSettings = {
				ALWAYS_EMBED_SWIFT_STANDARD_LIBRARIES = YES;
				CODE_SIGN_STYLE = Automatic;
				CURRENT_PROJECT_VERSION = 1;
				GENERATE_INFOPLIST_FILE = YES;
				MARKETING_VERSION = 1.0;
				PRODUCT_BUNDLE_IDENTIFIER = "yurken.Navigation-Controller-OzellestirmeUITests";
				PRODUCT_NAME = "$(TARGET_NAME)";
				SWIFT_EMIT_LOC_STRINGS = NO;
				SWIFT_VERSION = 5.0;
				TARGETED_DEVICE_FAMILY = "1,2";
				TEST_TARGET_NAME = "Navigation Controller Ozellestirme";
			};
			name = Release;
		};
/* End XCBuildConfiguration section */

/* Begin XCConfigurationList section */
		0A0D95AD29D0C3D000B798BE /* Build configuration list for PBXProject "Navigation Controller Ozellestirme" */ = {
			isa = XCConfigurationList;
			buildConfigurations = (
				0A0D95DA29D0C3D100B798BE /* Debug */,
				0A0D95DB29D0C3D100B798BE /* Release */,
			);
			defaultConfigurationIsVisible = 0;
			defaultConfigurationName = Release;
		};
		0A0D95DC29D0C3D100B798BE /* Build configuration list for PBXNativeTarget "Navigation Controller Ozellestirme" */ = {
			isa = XCConfigurationList;
			buildConfigurations = (
				0A0D95DD29D0C3D100B798BE /* Debug */,
				0A0D95DE29D0C3D100B798BE /* Release */,
			);
			defaultConfigurationIsVisible = 0;
			defaultConfigurationName = Release;
		};
		0A0D95DF29D0C3D100B798BE /* Build configuration list for PBXNativeTarget "Navigation Controller OzellestirmeTests" */ = {
			isa = XCConfigurationList;
			buildConfigurations = (
				0A0D95E029D0C3D100B798BE /* Debug */,
				0A0D95E129D0C3D100B798BE /* Release */,
			);
			defaultConfigurationIsVisible = 0;
			defaultConfigurationName = Release;
		};
		0A0D95E229D0C3D100B798BE /* Build configuration list for PBXNativeTarget "Navigation Controller OzellestirmeUITests" */ = {
			isa = XCConfigurationList;
			buildConfigurations = (
				0A0D95E329D0C3D100B798BE /* Debug */,
				0A0D95E429D0C3D100B798BE /* Release */,
			);
			defaultConfigurationIsVisible = 0;
			defaultConfigurationName = Release;
		};
/* End XCConfigurationList section */
	};
	rootObject = 0A0D95AA29D0C3D000B798BE /* Project object */;
}
