// !$*UTF8*$!
{
	archiveVersion = 1;
	classes = {
	};
	objectVersion = 56;
	objects = {

/* Begin PBXBuildFile section */
		0AE9D29329E8BB3D007F54A9 /* AppDelegate.swift in Sources */ = {isa = PBXBuildFile; fileRef = 0AE9D29229E8BB3D007F54A9 /* AppDelegate.swift */; };
		0AE9D29529E8BB3D007F54A9 /* SceneDelegate.swift in Sources */ = {isa = PBXBuildFile; fileRef = 0AE9D29429E8BB3D007F54A9 /* SceneDelegate.swift */; };
		0AE9D29729E8BB3D007F54A9 /* ViewController.swift in Sources */ = {isa = PBXBuildFile; fileRef = 0AE9D29629E8BB3D007F54A9 /* ViewController.swift */; };
		0AE9D29A29E8BB3D007F54A9 /* Main.storyboard in Resources */ = {isa = PBXBuildFile; fileRef = 0AE9D29829E8BB3D007F54A9 /* Main.storyboard */; };
		0AE9D29C29E8BB3F007F54A9 /* Assets.xcassets in Resources */ = {isa = PBXBuildFile; fileRef = 0AE9D29B29E8BB3F007F54A9 /* Assets.xcassets */; };
		0AE9D29F29E8BB3F007F54A9 /* LaunchScreen.storyboard in Resources */ = {isa = PBXBuildFile; fileRef = 0AE9D29D29E8BB3F007F54A9 /* LaunchScreen.storyboard */; };
		0AE9D2AA29E8BB3F007F54A9 /* File_Islemleri_UygulamaTests.swift in Sources */ = {isa = PBXBuildFile; fileRef = 0AE9D2A929E8BB3F007F54A9 /* File_Islemleri_UygulamaTests.swift */; };
		0AE9D2B429E8BB3F007F54A9 /* File_Islemleri_UygulamaUITests.swift in Sources */ = {isa = PBXBuildFile; fileRef = 0AE9D2B329E8BB3F007F54A9 /* File_Islemleri_UygulamaUITests.swift */; };
		0AE9D2B629E8BB3F007F54A9 /* File_Islemleri_UygulamaUITestsLaunchTests.swift in Sources */ = {isa = PBXBuildFile; fileRef = 0AE9D2B529E8BB3F007F54A9 /* File_Islemleri_UygulamaUITestsLaunchTests.swift */; };
/* End PBXBuildFile section */

/* Begin PBXContainerItemProxy section */
		0AE9D2A629E8BB3F007F54A9 /* PBXContainerItemProxy */ = {
			isa = PBXContainerItemProxy;
			containerPortal = 0AE9D28729E8BB3D007F54A9 /* Project object */;
			proxyType = 1;
			remoteGlobalIDString = 0AE9D28E29E8BB3D007F54A9;
			remoteInfo = "File Islemleri Uygulama";
		};
		0AE9D2B029E8BB3F007F54A9 /* PBXContainerItemProxy */ = {
			isa = PBXContainerItemProxy;
			containerPortal = 0AE9D28729E8BB3D007F54A9 /* Project object */;
			proxyType = 1;
			remoteGlobalIDString = 0AE9D28E29E8BB3D007F54A9;
			remoteInfo = "File Islemleri Uygulama";
		};
/* End PBXContainerItemProxy section */

/* Begin PBXFileReference section */
		0AE9D28F29E8BB3D007F54A9 /* File Islemleri Uygulama.app */ = {isa = PBXFileReference; explicitFileType = wrapper.application; includeInIndex = 0; path = "File Islemleri Uygulama.app"; sourceTree = BUILT_PRODUCTS_DIR; };
		0AE9D29229E8BB3D007F54A9 /* AppDelegate.swift */ = {isa = PBXFileReference; lastKnownFileType = sourcecode.swift; path = AppDelegate.swift; sourceTree = "<group>"; };
		0AE9D29429E8BB3D007F54A9 /* SceneDelegate.swift */ = {isa = PBXFileReference; lastKnownFileType = sourcecode.swift; path = SceneDelegate.swift; sourceTree = "<group>"; };
		0AE9D29629E8BB3D007F54A9 /* ViewController.swift */ = {isa = PBXFileReference; lastKnownFileType = sourcecode.swift; path = ViewController.swift; sourceTree = "<group>"; };
		0AE9D29929E8BB3D007F54A9 /* Base */ = {isa = PBXFileReference; lastKnownFileType = file.storyboard; name = Base; path = Base.lproj/Main.storyboard; sourceTree = "<group>"; };
		0AE9D29B29E8BB3F007F54A9 /* Assets.xcassets */ = {isa = PBXFileReference; lastKnownFileType = folder.assetcatalog; path = Assets.xcassets; sourceTree = "<group>"; };
		0AE9D29E29E8BB3F007F54A9 /* Base */ = {isa = PBXFileReference; lastKnownFileType = file.storyboard; name = Base; path = Base.lproj/LaunchScreen.storyboard; sourceTree = "<group>"; };
		0AE9D2A029E8BB3F007F54A9 /* Info.plist */ = {isa = PBXFileReference; lastKnownFileType = text.plist.xml; path = Info.plist; sourceTree = "<group>"; };
		0AE9D2A529E8BB3F007F54A9 /* File Islemleri UygulamaTests.xctest */ = {isa = PBXFileReference; explicitFileType = wrapper.cfbundle; includeInIndex = 0; path = "File Islemleri UygulamaTests.xctest"; sourceTree = BUILT_PRODUCTS_DIR; };
		0AE9D2A929E8BB3F007F54A9 /* File_Islemleri_UygulamaTests.swift */ = {isa = PBXFileReference; lastKnownFileType = sourcecode.swift; path = File_Islemleri_UygulamaTests.swift; sourceTree = "<group>"; };
		0AE9D2AF29E8BB3F007F54A9 /* File Islemleri UygulamaUITests.xctest */ = {isa = PBXFileReference; explicitFileType = wrapper.cfbundle; includeInIndex = 0; path = "File Islemleri UygulamaUITests.xctest"; sourceTree = BUILT_PRODUCTS_DIR; };
		0AE9D2B329E8BB3F007F54A9 /* File_Islemleri_UygulamaUITests.swift */ = {isa = PBXFileReference; lastKnownFileType = sourcecode.swift; path = File_Islemleri_UygulamaUITests.swift; sourceTree = "<group>"; };
		0AE9D2B529E8BB3F007F54A9 /* File_Islemleri_UygulamaUITestsLaunchTests.swift */ = {isa = PBXFileReference; lastKnownFileType = sourcecode.swift; path = File_Islemleri_UygulamaUITestsLaunchTests.swift; sourceTree = "<group>"; };
/* End PBXFileReference section */

/* Begin PBXFrameworksBuildPhase section */
		0AE9D28C29E8BB3D007F54A9 /* Frameworks */ = {
			isa = PBXFrameworksBuildPhase;
			buildActionMask = 2147483647;
			files = (
			);
			runOnlyForDeploymentPostprocessing = 0;
		};
		0AE9D2A229E8BB3F007F54A9 /* Frameworks */ = {
			isa = PBXFrameworksBuildPhase;
			buildActionMask = 2147483647;
			files = (
			);
			runOnlyForDeploymentPostprocessing = 0;
		};
		0AE9D2AC29E8BB3F007F54A9 /* Frameworks */ = {
			isa = PBXFrameworksBuildPhase;
			buildActionMask = 2147483647;
			files = (
			);
			runOnlyForDeploymentPostprocessing = 0;
		};
/* End PBXFrameworksBuildPhase section */

/* Begin PBXGroup section */
		0AE9D28629E8BB3D007F54A9 = {
			isa = PBXGroup;
			children = (
				0AE9D29129E8BB3D007F54A9 /* File Islemleri Uygulama */,
				0AE9D2A829E8BB3F007F54A9 /* File Islemleri UygulamaTests */,
				0AE9D2B229E8BB3F007F54A9 /* File Islemleri UygulamaUITests */,
				0AE9D29029E8BB3D007F54A9 /* Products */,
			);
			sourceTree = "<group>";
		};
		0AE9D29029E8BB3D007F54A9 /* Products */ = {
			isa = PBXGroup;
			children = (
				0AE9D28F29E8BB3D007F54A9 /* File Islemleri Uygulama.app */,
				0AE9D2A529E8BB3F007F54A9 /* File Islemleri UygulamaTests.xctest */,
				0AE9D2AF29E8BB3F007F54A9 /* File Islemleri UygulamaUITests.xctest */,
			);
			name = Products;
			sourceTree = "<group>";
		};
		0AE9D29129E8BB3D007F54A9 /* File Islemleri Uygulama */ = {
			isa = PBXGroup;
			children = (
				0AE9D29229E8BB3D007F54A9 /* AppDelegate.swift */,
				0AE9D29429E8BB3D007F54A9 /* SceneDelegate.swift */,
				0AE9D29629E8BB3D007F54A9 /* ViewController.swift */,
				0AE9D29829E8BB3D007F54A9 /* Main.storyboard */,
				0AE9D29B29E8BB3F007F54A9 /* Assets.xcassets */,
				0AE9D29D29E8BB3F007F54A9 /* LaunchScreen.storyboard */,
				0AE9D2A029E8BB3F007F54A9 /* Info.plist */,
			);
			path = "File Islemleri Uygulama";
			sourceTree = "<group>";
		};
		0AE9D2A829E8BB3F007F54A9 /* File Islemleri UygulamaTests */ = {
			isa = PBXGroup;
			children = (
				0AE9D2A929E8BB3F007F54A9 /* File_Islemleri_UygulamaTests.swift */,
			);
			path = "File Islemleri UygulamaTests";
			sourceTree = "<group>";
		};
		0AE9D2B229E8BB3F007F54A9 /* File Islemleri UygulamaUITests */ = {
			isa = PBXGroup;
			children = (
				0AE9D2B329E8BB3F007F54A9 /* File_Islemleri_UygulamaUITests.swift */,
				0AE9D2B529E8BB3F007F54A9 /* File_Islemleri_UygulamaUITestsLaunchTests.swift */,
			);
			path = "File Islemleri UygulamaUITests";
			sourceTree = "<group>";
		};
/* End PBXGroup section */

/* Begin PBXNativeTarget section */
		0AE9D28E29E8BB3D007F54A9 /* File Islemleri Uygulama */ = {
			isa = PBXNativeTarget;
			buildConfigurationList = 0AE9D2B929E8BB3F007F54A9 /* Build configuration list for PBXNativeTarget "File Islemleri Uygulama" */;
			buildPhases = (
				0AE9D28B29E8BB3D007F54A9 /* Sources */,
				0AE9D28C29E8BB3D007F54A9 /* Frameworks */,
				0AE9D28D29E8BB3D007F54A9 /* Resources */,
			);
			buildRules = (
			);
			dependencies = (
			);
			name = "File Islemleri Uygulama";
			productName = "File Islemleri Uygulama";
			productReference = 0AE9D28F29E8BB3D007F54A9 /* File Islemleri Uygulama.app */;
			productType = "com.apple.product-type.application";
		};
		0AE9D2A429E8BB3F007F54A9 /* File Islemleri UygulamaTests */ = {
			isa = PBXNativeTarget;
			buildConfigurationList = 0AE9D2BC29E8BB3F007F54A9 /* Build configuration list for PBXNativeTarget "File Islemleri UygulamaTests" */;
			buildPhases = (
				0AE9D2A129E8BB3F007F54A9 /* Sources */,
				0AE9D2A229E8BB3F007F54A9 /* Frameworks */,
				0AE9D2A329E8BB3F007F54A9 /* Resources */,
			);
			buildRules = (
			);
			dependencies = (
				0AE9D2A729E8BB3F007F54A9 /* PBXTargetDependency */,
			);
			name = "File Islemleri UygulamaTests";
			productName = "File Islemleri UygulamaTests";
			productReference = 0AE9D2A529E8BB3F007F54A9 /* File Islemleri UygulamaTests.xctest */;
			productType = "com.apple.product-type.bundle.unit-test";
		};
		0AE9D2AE29E8BB3F007F54A9 /* File Islemleri UygulamaUITests */ = {
			isa = PBXNativeTarget;
			buildConfigurationList = 0AE9D2BF29E8BB3F007F54A9 /* Build configuration list for PBXNativeTarget "File Islemleri UygulamaUITests" */;
			buildPhases = (
				0AE9D2AB29E8BB3F007F54A9 /* Sources */,
				0AE9D2AC29E8BB3F007F54A9 /* Frameworks */,
				0AE9D2AD29E8BB3F007F54A9 /* Resources */,
			);
			buildRules = (
			);
			dependencies = (
				0AE9D2B129E8BB3F007F54A9 /* PBXTargetDependency */,
			);
			name = "File Islemleri UygulamaUITests";
			productName = "File Islemleri UygulamaUITests";
			productReference = 0AE9D2AF29E8BB3F007F54A9 /* File Islemleri UygulamaUITests.xctest */;
			productType = "com.apple.product-type.bundle.ui-testing";
		};
/* End PBXNativeTarget section */

/* Begin PBXProject section */
		0AE9D28729E8BB3D007F54A9 /* Project object */ = {
			isa = PBXProject;
			attributes = {
				BuildIndependentTargetsInParallel = 1;
				LastSwiftUpdateCheck = 1430;
				LastUpgradeCheck = 1430;
				TargetAttributes = {
					0AE9D28E29E8BB3D007F54A9 = {
						CreatedOnToolsVersion = 14.3;
					};
					0AE9D2A429E8BB3F007F54A9 = {
						CreatedOnToolsVersion = 14.3;
						TestTargetID = 0AE9D28E29E8BB3D007F54A9;
					};
					0AE9D2AE29E8BB3F007F54A9 = {
						CreatedOnToolsVersion = 14.3;
						TestTargetID = 0AE9D28E29E8BB3D007F54A9;
					};
				};
			};
			buildConfigurationList = 0AE9D28A29E8BB3D007F54A9 /* Build configuration list for PBXProject "File Islemleri Uygulama" */;
			compatibilityVersion = "Xcode 14.0";
			developmentRegion = en;
			hasScannedForEncodings = 0;
			knownRegions = (
				en,
				Base,
			);
			mainGroup = 0AE9D28629E8BB3D007F54A9;
			productRefGroup = 0AE9D29029E8BB3D007F54A9 /* Products */;
			projectDirPath = "";
			projectRoot = "";
			targets = (
				0AE9D28E29E8BB3D007F54A9 /* File Islemleri Uygulama */,
				0AE9D2A429E8BB3F007F54A9 /* File Islemleri UygulamaTests */,
				0AE9D2AE29E8BB3F007F54A9 /* File Islemleri UygulamaUITests */,
			);
		};
/* End PBXProject section */

/* Begin PBXResourcesBuildPhase section */
		0AE9D28D29E8BB3D007F54A9 /* Resources */ = {
			isa = PBXResourcesBuildPhase;
			buildActionMask = 2147483647;
			files = (
				0AE9D29F29E8BB3F007F54A9 /* LaunchScreen.storyboard in Resources */,
				0AE9D29C29E8BB3F007F54A9 /* Assets.xcassets in Resources */,
				0AE9D29A29E8BB3D007F54A9 /* Main.storyboard in Resources */,
			);
			runOnlyForDeploymentPostprocessing = 0;
		};
		0AE9D2A329E8BB3F007F54A9 /* Resources */ = {
			isa = PBXResourcesBuildPhase;
			buildActionMask = 2147483647;
			files = (
			);
			runOnlyForDeploymentPostprocessing = 0;
		};
		0AE9D2AD29E8BB3F007F54A9 /* Resources */ = {
			isa = PBXResourcesBuildPhase;
			buildActionMask = 2147483647;
			files = (
			);
			runOnlyForDeploymentPostprocessing = 0;
		};
/* End PBXResourcesBuildPhase section */

/* Begin PBXSourcesBuildPhase section */
		0AE9D28B29E8BB3D007F54A9 /* Sources */ = {
			isa = PBXSourcesBuildPhase;
			buildActionMask = 2147483647;
			files = (
				0AE9D29729E8BB3D007F54A9 /* ViewController.swift in Sources */,
				0AE9D29329E8BB3D007F54A9 /* AppDelegate.swift in Sources */,
				0AE9D29529E8BB3D007F54A9 /* SceneDelegate.swift in Sources */,
			);
			runOnlyForDeploymentPostprocessing = 0;
		};
		0AE9D2A129E8BB3F007F54A9 /* Sources */ = {
			isa = PBXSourcesBuildPhase;
			buildActionMask = 2147483647;
			files = (
				0AE9D2AA29E8BB3F007F54A9 /* File_Islemleri_UygulamaTests.swift in Sources */,
			);
			runOnlyForDeploymentPostprocessing = 0;
		};
		0AE9D2AB29E8BB3F007F54A9 /* Sources */ = {
			isa = PBXSourcesBuildPhase;
			buildActionMask = 2147483647;
			files = (
				0AE9D2B629E8BB3F007F54A9 /* File_Islemleri_UygulamaUITestsLaunchTests.swift in Sources */,
				0AE9D2B429E8BB3F007F54A9 /* File_Islemleri_UygulamaUITests.swift in Sources */,
			);
			runOnlyForDeploymentPostprocessing = 0;
		};
/* End PBXSourcesBuildPhase section */

/* Begin PBXTargetDependency section */
		0AE9D2A729E8BB3F007F54A9 /* PBXTargetDependency */ = {
			isa = PBXTargetDependency;
			target = 0AE9D28E29E8BB3D007F54A9 /* File Islemleri Uygulama */;
			targetProxy = 0AE9D2A629E8BB3F007F54A9 /* PBXContainerItemProxy */;
		};
		0AE9D2B129E8BB3F007F54A9 /* PBXTargetDependency */ = {
			isa = PBXTargetDependency;
			target = 0AE9D28E29E8BB3D007F54A9 /* File Islemleri Uygulama */;
			targetProxy = 0AE9D2B029E8BB3F007F54A9 /* PBXContainerItemProxy */;
		};
/* End PBXTargetDependency section */

/* Begin PBXVariantGroup section */
		0AE9D29829E8BB3D007F54A9 /* Main.storyboard */ = {
			isa = PBXVariantGroup;
			children = (
				0AE9D29929E8BB3D007F54A9 /* Base */,
			);
			name = Main.storyboard;
			sourceTree = "<group>";
		};
		0AE9D29D29E8BB3F007F54A9 /* LaunchScreen.storyboard */ = {
			isa = PBXVariantGroup;
			children = (
				0AE9D29E29E8BB3F007F54A9 /* Base */,
			);
			name = LaunchScreen.storyboard;
			sourceTree = "<group>";
		};
/* End PBXVariantGroup section */

/* Begin XCBuildConfiguration section */
		0AE9D2B729E8BB3F007F54A9 /* Debug */ = {
			isa = XCBuildConfiguration;
			buildSettings = {
				ALWAYS_SEARCH_USER_PATHS = NO;
				CLANG_ANALYZER_NONNULL = YES;
				CLANG_ANALYZER_NUMBER_OBJECT_CONVERSION = YES_AGGRESSIVE;
				CLANG_CXX_LANGUAGE_STANDARD = "gnu++20";
				CLANG_ENABLE_MODULES = YES;
				CLANG_ENABLE_OBJC_ARC = YES;
				CLANG_ENABLE_OBJC_WEAK = YES;
				CLANG_WARN_BLOCK_CAPTURE_AUTORELEASING = YES;
				CLANG_WARN_BOOL_CONVERSION = YES;
				CLANG_WARN_COMMA = YES;
				CLANG_WARN_CONSTANT_CONVERSION = YES;
				CLANG_WARN_DEPRECATED_OBJC_IMPLEMENTATIONS = YES;
				CLANG_WARN_DIRECT_OBJC_ISA_USAGE = YES_ERROR;
				CLANG_WARN_DOCUMENTATION_COMMENTS = YES;
				CLANG_WARN_EMPTY_BODY = YES;
				CLANG_WARN_ENUM_CONVERSION = YES;
				CLANG_WARN_INFINITE_RECURSION = YES;
				CLANG_WARN_INT_CONVERSION = YES;
				CLANG_WARN_NON_LITERAL_NULL_CONVERSION = YES;
				CLANG_WARN_OBJC_IMPLICIT_RETAIN_SELF = YES;
				CLANG_WARN_OBJC_LITERAL_CONVERSION = YES;
				CLANG_WARN_OBJC_ROOT_CLASS = YES_ERROR;
				CLANG_WARN_QUOTED_INCLUDE_IN_FRAMEWORK_HEADER = YES;
				CLANG_WARN_RANGE_LOOP_ANALYSIS = YES;
				CLANG_WARN_STRICT_PROTOTYPES = YES;
				CLANG_WARN_SUSPICIOUS_MOVE = YES;
				CLANG_WARN_UNGUARDED_AVAILABILITY = YES_AGGRESSIVE;
				CLANG_WARN_UNREACHABLE_CODE = YES;
				CLANG_WARN__DUPLICATE_METHOD_MATCH = YES;
				COPY_PHASE_STRIP = NO;
				DEBUG_INFORMATION_FORMAT = dwarf;
				ENABLE_STRICT_OBJC_MSGSEND = YES;
				ENABLE_TESTABILITY = YES;
				GCC_C_LANGUAGE_STANDARD = gnu11;
				GCC_DYNAMIC_NO_PIC = NO;
				GCC_NO_COMMON_BLOCKS = YES;
				GCC_OPTIMIZATION_LEVEL = 0;
				GCC_PREPROCESSOR_DEFINITIONS = (
					"DEBUG=1",
					"$(inherited)",
				);
				GCC_WARN_64_TO_32_BIT_CONVERSION = YES;
				GCC_WARN_ABOUT_RETURN_TYPE = YES_ERROR;
				GCC_WARN_UNDECLARED_SELECTOR = YES;
				GCC_WARN_UNINITIALIZED_AUTOS = YES_AGGRESSIVE;
				GCC_WARN_UNUSED_FUNCTION = YES;
				GCC_WARN_UNUSED_VARIABLE = YES;
				IPHONEOS_DEPLOYMENT_TARGET = 16.4;
				MTL_ENABLE_DEBUG_INFO = INCLUDE_SOURCE;
				MTL_FAST_MATH = YES;
				ONLY_ACTIVE_ARCH = YES;
				SDKROOT = iphoneos;
				SWIFT_ACTIVE_COMPILATION_CONDITIONS = DEBUG;
				SWIFT_OPTIMIZATION_LEVEL = "-Onone";
			};
			name = Debug;
		};
		0AE9D2B829E8BB3F007F54A9 /* Release */ = {
			isa = XCBuildConfiguration;
			buildSettings = {
				ALWAYS_SEARCH_USER_PATHS = NO;
				CLANG_ANALYZER_NONNULL = YES;
				CLANG_ANALYZER_NUMBER_OBJECT_CONVERSION = YES_AGGRESSIVE;
				CLANG_CXX_LANGUAGE_STANDARD = "gnu++20";
				CLANG_ENABLE_MODULES = YES;
				CLANG_ENABLE_OBJC_ARC = YES;
				CLANG_ENABLE_OBJC_WEAK = YES;
				CLANG_WARN_BLOCK_CAPTURE_AUTORELEASING = YES;
				CLANG_WARN_BOOL_CONVERSION = YES;
				CLANG_WARN_COMMA = YES;
				CLANG_WARN_CONSTANT_CONVERSION = YES;
				CLANG_WARN_DEPRECATED_OBJC_IMPLEMENTATIONS = YES;
				CLANG_WARN_DIRECT_OBJC_ISA_USAGE = YES_ERROR;
				CLANG_WARN_DOCUMENTATION_COMMENTS = YES;
				CLANG_WARN_EMPTY_BODY = YES;
				CLANG_WARN_ENUM_CONVERSION = YES;
				CLANG_WARN_INFINITE_RECURSION = YES;
				CLANG_WARN_INT_CONVERSION = YES;
				CLANG_WARN_NON_LITERAL_NULL_CONVERSION = YES;
				CLANG_WARN_OBJC_IMPLICIT_RETAIN_SELF = YES;
				CLANG_WARN_OBJC_LITERAL_CONVERSION = YES;
				CLANG_WARN_OBJC_ROOT_CLASS = YES_ERROR;
				CLANG_WARN_QUOTED_INCLUDE_IN_FRAMEWORK_HEADER = YES;
				CLANG_WARN_RANGE_LOOP_ANALYSIS = YES;
				CLANG_WARN_STRICT_PROTOTYPES = YES;
				CLANG_WARN_SUSPICIOUS_MOVE = YES;
				CLANG_WARN_UNGUARDED_AVAILABILITY = YES_AGGRESSIVE;
				CLANG_WARN_UNREACHABLE_CODE = YES;
				CLANG_WARN__DUPLICATE_METHOD_MATCH = YES;
				COPY_PHASE_STRIP = NO;
				DEBUG_INFORMATION_FORMAT = "dwarf-with-dsym";
				ENABLE_NS_ASSERTIONS = NO;
				ENABLE_STRICT_OBJC_MSGSEND = YES;
				GCC_C_LANGUAGE_STANDARD = gnu11;
				GCC_NO_COMMON_BLOCKS = YES;
				GCC_WARN_64_TO_32_BIT_CONVERSION = YES;
				GCC_WARN_ABOUT_RETURN_TYPE = YES_ERROR;
				GCC_WARN_UNDECLARED_SELECTOR = YES;
				GCC_WARN_UNINITIALIZED_AUTOS = YES_AGGRESSIVE;
				GCC_WARN_UNUSED_FUNCTION = YES;
				GCC_WARN_UNUSED_VARIABLE = YES;
				IPHONEOS_DEPLOYMENT_TARGET = 16.4;
				MTL_ENABLE_DEBUG_INFO = NO;
				MTL_FAST_MATH = YES;
				SDKROOT = iphoneos;
				SWIFT_COMPILATION_MODE = wholemodule;
				SWIFT_OPTIMIZATION_LEVEL = "-O";
				VALIDATE_PRODUCT = YES;
			};
			name = Release;
		};
		0AE9D2BA29E8BB3F007F54A9 /* Debug */ = {
			isa = XCBuildConfiguration;
			buildSettings = {
				ASSETCATALOG_COMPILER_APPICON_NAME = AppIcon;
				ASSETCATALOG_COMPILER_GLOBAL_ACCENT_COLOR_NAME = AccentColor;
				CODE_SIGN_STYLE = Automatic;
				CURRENT_PROJECT_VERSION = 1;
				GENERATE_INFOPLIST_FILE = YES;
				INFOPLIST_FILE = "File Islemleri Uygulama/Info.plist";
				INFOPLIST_KEY_UIApplicationSupportsIndirectInputEvents = YES;
				INFOPLIST_KEY_UILaunchStoryboardName = LaunchScreen;
				INFOPLIST_KEY_UIMainStoryboardFile = Main;
				INFOPLIST_KEY_UISupportedInterfaceOrientations_iPad = "UIInterfaceOrientationPortrait UIInterfaceOrientationPortraitUpsideDown UIInterfaceOrientationLandscapeLeft UIInterfaceOrientationLandscapeRight";
				INFOPLIST_KEY_UISupportedInterfaceOrientations_iPhone = "UIInterfaceOrientationPortrait UIInterfaceOrientationLandscapeLeft UIInterfaceOrientationLandscapeRight";
				LD_RUNPATH_SEARCH_PATHS = (
					"$(inherited)",
					"@executable_path/Frameworks",
				);
				MARKETING_VERSION = 1.0;
				PRODUCT_BUNDLE_IDENTIFIER = "yurken.File-Islemleri-Uygulama";
				PRODUCT_NAME = "$(TARGET_NAME)";
				SWIFT_EMIT_LOC_STRINGS = YES;
				SWIFT_VERSION = 5.0;
				TARGETED_DEVICE_FAMILY = "1,2";
			};
			name = Debug;
		};
		0AE9D2BB29E8BB3F007F54A9 /* Release */ = {
			isa = XCBuildConfiguration;
			buildSettings = {
				ASSETCATALOG_COMPILER_APPICON_NAME = AppIcon;
				ASSETCATALOG_COMPILER_GLOBAL_ACCENT_COLOR_NAME = AccentColor;
				CODE_SIGN_STYLE = Automatic;
				CURRENT_PROJECT_VERSION = 1;
				GENERATE_INFOPLIST_FILE = YES;
				INFOPLIST_FILE = "File Islemleri Uygulama/Info.plist";
				INFOPLIST_KEY_UIApplicationSupportsIndirectInputEvents = YES;
				INFOPLIST_KEY_UILaunchStoryboardName = LaunchScreen;
				INFOPLIST_KEY_UIMainStoryboardFile = Main;
				INFOPLIST_KEY_UISupportedInterfaceOrientations_iPad = "UIInterfaceOrientationPortrait UIInterfaceOrientationPortraitUpsideDown UIInterfaceOrientationLandscapeLeft UIInterfaceOrientationLandscapeRight";
				INFOPLIST_KEY_UISupportedInterfaceOrientations_iPhone = "UIInterfaceOrientationPortrait UIInterfaceOrientationLandscapeLeft UIInterfaceOrientationLandscapeRight";
				LD_RUNPATH_SEARCH_PATHS = (
					"$(inherited)",
					"@executable_path/Frameworks",
				);
				MARKETING_VERSION = 1.0;
				PRODUCT_BUNDLE_IDENTIFIER = "yurken.File-Islemleri-Uygulama";
				PRODUCT_NAME = "$(TARGET_NAME)";
				SWIFT_EMIT_LOC_STRINGS = YES;
				SWIFT_VERSION = 5.0;
				TARGETED_DEVICE_FAMILY = "1,2";
			};
			name = Release;
		};
		0AE9D2BD29E8BB3F007F54A9 /* Debug */ = {
			isa = XCBuildConfiguration;
			buildSettings = {
				ALWAYS_EMBED_SWIFT_STANDARD_LIBRARIES = YES;
				BUNDLE_LOADER = "$(TEST_HOST)";
				CODE_SIGN_STYLE = Automatic;
				CURRENT_PROJECT_VERSION = 1;
				GENERATE_INFOPLIST_FILE = YES;
				IPHONEOS_DEPLOYMENT_TARGET = 16.4;
				MARKETING_VERSION = 1.0;
				PRODUCT_BUNDLE_IDENTIFIER = "yurken.File-Islemleri-UygulamaTests";
				PRODUCT_NAME = "$(TARGET_NAME)";
				SWIFT_EMIT_LOC_STRINGS = NO;
				SWIFT_VERSION = 5.0;
				TARGETED_DEVICE_FAMILY = "1,2";
				TEST_HOST = "$(BUILT_PRODUCTS_DIR)/File Islemleri Uygulama.app/$(BUNDLE_EXECUTABLE_FOLDER_PATH)/File Islemleri Uygulama";
			};
			name = Debug;
		};
		0AE9D2BE29E8BB3F007F54A9 /* Release */ = {
			isa = XCBuildConfiguration;
			buildSettings = {
				ALWAYS_EMBED_SWIFT_STANDARD_LIBRARIES = YES;
				BUNDLE_LOADER = "$(TEST_HOST)";
				CODE_SIGN_STYLE = Automatic;
				CURRENT_PROJECT_VERSION = 1;
				GENERATE_INFOPLIST_FILE = YES;
				IPHONEOS_DEPLOYMENT_TARGET = 16.4;
				MARKETING_VERSION = 1.0;
				PRODUCT_BUNDLE_IDENTIFIER = "yurken.File-Islemleri-UygulamaTests";
				PRODUCT_NAME = "$(TARGET_NAME)";
				SWIFT_EMIT_LOC_STRINGS = NO;
				SWIFT_VERSION = 5.0;
				TARGETED_DEVICE_FAMILY = "1,2";
				TEST_HOST = "$(BUILT_PRODUCTS_DIR)/File Islemleri Uygulama.app/$(BUNDLE_EXECUTABLE_FOLDER_PATH)/File Islemleri Uygulama";
			};
			name = Release;
		};
		0AE9D2C029E8BB3F007F54A9 /* Debug */ = {
			isa = XCBuildConfiguration;
			buildSettings = {
				ALWAYS_EMBED_SWIFT_STANDARD_LIBRARIES = YES;
				CODE_SIGN_STYLE = Automatic;
				CURRENT_PROJECT_VERSION = 1;
				GENERATE_INFOPLIST_FILE = YES;
				MARKETING_VERSION = 1.0;
				PRODUCT_BUNDLE_IDENTIFIER = "yurken.File-Islemleri-UygulamaUITests";
				PRODUCT_NAME = "$(TARGET_NAME)";
				SWIFT_EMIT_LOC_STRINGS = NO;
				SWIFT_VERSION = 5.0;
				TARGETED_DEVICE_FAMILY = "1,2";
				TEST_TARGET_NAME = "File Islemleri Uygulama";
			};
			name = Debug;
		};
		0AE9D2C129E8BB3F007F54A9 /* Release */ = {
			isa = XCBuildConfiguration;
			buildSettings = {
				ALWAYS_EMBED_SWIFT_STANDARD_LIBRARIES = YES;
				CODE_SIGN_STYLE = Automatic;
				CURRENT_PROJECT_VERSION = 1;
				GENERATE_INFOPLIST_FILE = YES;
				MARKETING_VERSION = 1.0;
				PRODUCT_BUNDLE_IDENTIFIER = "yurken.File-Islemleri-UygulamaUITests";
				PRODUCT_NAME = "$(TARGET_NAME)";
				SWIFT_EMIT_LOC_STRINGS = NO;
				SWIFT_VERSION = 5.0;
				TARGETED_DEVICE_FAMILY = "1,2";
				TEST_TARGET_NAME = "File Islemleri Uygulama";
			};
			name = Release;
		};
/* End XCBuildConfiguration section */

/* Begin XCConfigurationList section */
		0AE9D28A29E8BB3D007F54A9 /* Build configuration list for PBXProject "File Islemleri Uygulama" */ = {
			isa = XCConfigurationList;
			buildConfigurations = (
				0AE9D2B729E8BB3F007F54A9 /* Debug */,
				0AE9D2B829E8BB3F007F54A9 /* Release */,
			);
			defaultConfigurationIsVisible = 0;
			defaultConfigurationName = Release;
		};
		0AE9D2B929E8BB3F007F54A9 /* Build configuration list for PBXNativeTarget "File Islemleri Uygulama" */ = {
			isa = XCConfigurationList;
			buildConfigurations = (
				0AE9D2BA29E8BB3F007F54A9 /* Debug */,
				0AE9D2BB29E8BB3F007F54A9 /* Release */,
			);
			defaultConfigurationIsVisible = 0;
			defaultConfigurationName = Release;
		};
		0AE9D2BC29E8BB3F007F54A9 /* Build configuration list for PBXNativeTarget "File Islemleri UygulamaTests" */ = {
			isa = XCConfigurationList;
			buildConfigurations = (
				0AE9D2BD29E8BB3F007F54A9 /* Debug */,
				0AE9D2BE29E8BB3F007F54A9 /* Release */,
			);
			defaultConfigurationIsVisible = 0;
			defaultConfigurationName = Release;
		};
		0AE9D2BF29E8BB3F007F54A9 /* Build configuration list for PBXNativeTarget "File Islemleri UygulamaUITests" */ = {
			isa = XCConfigurationList;
			buildConfigurations = (
				0AE9D2C029E8BB3F007F54A9 /* Debug */,
				0AE9D2C129E8BB3F007F54A9 /* Release */,
			);
			defaultConfigurationIsVisible = 0;
			defaultConfigurationName = Release;
		};
/* End XCConfigurationList section */
	};
	rootObject = 0AE9D28729E8BB3D007F54A9 /* Project object */;
}
