// !$*UTF8*$!
{
	archiveVersion = 1;
	classes = {
	};
	objectVersion = 56;
	objects = {

/* Begin PBXBuildFile section */
		0AC62F6029D608D6000A04A2 /* AppDelegate.swift in Sources */ = {isa = PBXBuildFile; fileRef = 0AC62F5F29D608D6000A04A2 /* AppDelegate.swift */; };
		0AC62F6229D608D6000A04A2 /* SceneDelegate.swift in Sources */ = {isa = PBXBuildFile; fileRef = 0AC62F6129D608D6000A04A2 /* SceneDelegate.swift */; };
		0AC62F6429D608D6000A04A2 /* ViewController.swift in Sources */ = {isa = PBXBuildFile; fileRef = 0AC62F6329D608D6000A04A2 /* ViewController.swift */; };
		0AC62F6729D608D6000A04A2 /* Main.storyboard in Resources */ = {isa = PBXBuildFile; fileRef = 0AC62F6529D608D6000A04A2 /* Main.storyboard */; };
		0AC62F6929D608D8000A04A2 /* Assets.xcassets in Resources */ = {isa = PBXBuildFile; fileRef = 0AC62F6829D608D8000A04A2 /* Assets.xcassets */; };
		0AC62F6C29D608D8000A04A2 /* LaunchScreen.storyboard in Resources */ = {isa = PBXBuildFile; fileRef = 0AC62F6A29D608D8000A04A2 /* LaunchScreen.storyboard */; };
		0AC62F7729D608D8000A04A2 /* Basit_Alert_kullanimiTests.swift in Sources */ = {isa = PBXBuildFile; fileRef = 0AC62F7629D608D8000A04A2 /* Basit_Alert_kullanimiTests.swift */; };
		0AC62F8129D608D8000A04A2 /* Basit_Alert_kullanimiUITests.swift in Sources */ = {isa = PBXBuildFile; fileRef = 0AC62F8029D608D8000A04A2 /* Basit_Alert_kullanimiUITests.swift */; };
		0AC62F8329D608D8000A04A2 /* Basit_Alert_kullanimiUITestsLaunchTests.swift in Sources */ = {isa = PBXBuildFile; fileRef = 0AC62F8229D608D8000A04A2 /* Basit_Alert_kullanimiUITestsLaunchTests.swift */; };
/* End PBXBuildFile section */

/* Begin PBXContainerItemProxy section */
		0AC62F7329D608D8000A04A2 /* PBXContainerItemProxy */ = {
			isa = PBXContainerItemProxy;
			containerPortal = 0AC62F5429D608D6000A04A2 /* Project object */;
			proxyType = 1;
			remoteGlobalIDString = 0AC62F5B29D608D6000A04A2;
			remoteInfo = "Basit Alert kullanimi";
		};
		0AC62F7D29D608D8000A04A2 /* PBXContainerItemProxy */ = {
			isa = PBXContainerItemProxy;
			containerPortal = 0AC62F5429D608D6000A04A2 /* Project object */;
			proxyType = 1;
			remoteGlobalIDString = 0AC62F5B29D608D6000A04A2;
			remoteInfo = "Basit Alert kullanimi";
		};
/* End PBXContainerItemProxy section */

/* Begin PBXFileReference section */
		0AC62F5C29D608D6000A04A2 /* Basit Alert kullanimi.app */ = {isa = PBXFileReference; explicitFileType = wrapper.application; includeInIndex = 0; path = "Basit Alert kullanimi.app"; sourceTree = BUILT_PRODUCTS_DIR; };
		0AC62F5F29D608D6000A04A2 /* AppDelegate.swift */ = {isa = PBXFileReference; lastKnownFileType = sourcecode.swift; path = AppDelegate.swift; sourceTree = "<group>"; };
		0AC62F6129D608D6000A04A2 /* SceneDelegate.swift */ = {isa = PBXFileReference; lastKnownFileType = sourcecode.swift; path = SceneDelegate.swift; sourceTree = "<group>"; };
		0AC62F6329D608D6000A04A2 /* ViewController.swift */ = {isa = PBXFileReference; lastKnownFileType = sourcecode.swift; path = ViewController.swift; sourceTree = "<group>"; };
		0AC62F6629D608D6000A04A2 /* Base */ = {isa = PBXFileReference; lastKnownFileType = file.storyboard; name = Base; path = Base.lproj/Main.storyboard; sourceTree = "<group>"; };
		0AC62F6829D608D8000A04A2 /* Assets.xcassets */ = {isa = PBXFileReference; lastKnownFileType = folder.assetcatalog; path = Assets.xcassets; sourceTree = "<group>"; };
		0AC62F6B29D608D8000A04A2 /* Base */ = {isa = PBXFileReference; lastKnownFileType = file.storyboard; name = Base; path = Base.lproj/LaunchScreen.storyboard; sourceTree = "<group>"; };
		0AC62F6D29D608D8000A04A2 /* Info.plist */ = {isa = PBXFileReference; lastKnownFileType = text.plist.xml; path = Info.plist; sourceTree = "<group>"; };
		0AC62F7229D608D8000A04A2 /* Basit Alert kullanimiTests.xctest */ = {isa = PBXFileReference; explicitFileType = wrapper.cfbundle; includeInIndex = 0; path = "Basit Alert kullanimiTests.xctest"; sourceTree = BUILT_PRODUCTS_DIR; };
		0AC62F7629D608D8000A04A2 /* Basit_Alert_kullanimiTests.swift */ = {isa = PBXFileReference; lastKnownFileType = sourcecode.swift; path = Basit_Alert_kullanimiTests.swift; sourceTree = "<group>"; };
		0AC62F7C29D608D8000A04A2 /* Basit Alert kullanimiUITests.xctest */ = {isa = PBXFileReference; explicitFileType = wrapper.cfbundle; includeInIndex = 0; path = "Basit Alert kullanimiUITests.xctest"; sourceTree = BUILT_PRODUCTS_DIR; };
		0AC62F8029D608D8000A04A2 /* Basit_Alert_kullanimiUITests.swift */ = {isa = PBXFileReference; lastKnownFileType = sourcecode.swift; path = Basit_Alert_kullanimiUITests.swift; sourceTree = "<group>"; };
		0AC62F8229D608D8000A04A2 /* Basit_Alert_kullanimiUITestsLaunchTests.swift */ = {isa = PBXFileReference; lastKnownFileType = sourcecode.swift; path = Basit_Alert_kullanimiUITestsLaunchTests.swift; sourceTree = "<group>"; };
/* End PBXFileReference section */

/* Begin PBXFrameworksBuildPhase section */
		0AC62F5929D608D6000A04A2 /* Frameworks */ = {
			isa = PBXFrameworksBuildPhase;
			buildActionMask = 2147483647;
			files = (
			);
			runOnlyForDeploymentPostprocessing = 0;
		};
		0AC62F6F29D608D8000A04A2 /* Frameworks */ = {
			isa = PBXFrameworksBuildPhase;
			buildActionMask = 2147483647;
			files = (
			);
			runOnlyForDeploymentPostprocessing = 0;
		};
		0AC62F7929D608D8000A04A2 /* Frameworks */ = {
			isa = PBXFrameworksBuildPhase;
			buildActionMask = 2147483647;
			files = (
			);
			runOnlyForDeploymentPostprocessing = 0;
		};
/* End PBXFrameworksBuildPhase section */

/* Begin PBXGroup section */
		0AC62F5329D608D6000A04A2 = {
			isa = PBXGroup;
			children = (
				0AC62F5E29D608D6000A04A2 /* Basit Alert kullanimi */,
				0AC62F7529D608D8000A04A2 /* Basit Alert kullanimiTests */,
				0AC62F7F29D608D8000A04A2 /* Basit Alert kullanimiUITests */,
				0AC62F5D29D608D6000A04A2 /* Products */,
			);
			sourceTree = "<group>";
		};
		0AC62F5D29D608D6000A04A2 /* Products */ = {
			isa = PBXGroup;
			children = (
				0AC62F5C29D608D6000A04A2 /* Basit Alert kullanimi.app */,
				0AC62F7229D608D8000A04A2 /* Basit Alert kullanimiTests.xctest */,
				0AC62F7C29D608D8000A04A2 /* Basit Alert kullanimiUITests.xctest */,
			);
			name = Products;
			sourceTree = "<group>";
		};
		0AC62F5E29D608D6000A04A2 /* Basit Alert kullanimi */ = {
			isa = PBXGroup;
			children = (
				0AC62F5F29D608D6000A04A2 /* AppDelegate.swift */,
				0AC62F6129D608D6000A04A2 /* SceneDelegate.swift */,
				0AC62F6329D608D6000A04A2 /* ViewController.swift */,
				0AC62F6529D608D6000A04A2 /* Main.storyboard */,
				0AC62F6829D608D8000A04A2 /* Assets.xcassets */,
				0AC62F6A29D608D8000A04A2 /* LaunchScreen.storyboard */,
				0AC62F6D29D608D8000A04A2 /* Info.plist */,
			);
			path = "Basit Alert kullanimi";
			sourceTree = "<group>";
		};
		0AC62F7529D608D8000A04A2 /* Basit Alert kullanimiTests */ = {
			isa = PBXGroup;
			children = (
				0AC62F7629D608D8000A04A2 /* Basit_Alert_kullanimiTests.swift */,
			);
			path = "Basit Alert kullanimiTests";
			sourceTree = "<group>";
		};
		0AC62F7F29D608D8000A04A2 /* Basit Alert kullanimiUITests */ = {
			isa = PBXGroup;
			children = (
				0AC62F8029D608D8000A04A2 /* Basit_Alert_kullanimiUITests.swift */,
				0AC62F8229D608D8000A04A2 /* Basit_Alert_kullanimiUITestsLaunchTests.swift */,
			);
			path = "Basit Alert kullanimiUITests";
			sourceTree = "<group>";
		};
/* End PBXGroup section */

/* Begin PBXNativeTarget section */
		0AC62F5B29D608D6000A04A2 /* Basit Alert kullanimi */ = {
			isa = PBXNativeTarget;
			buildConfigurationList = 0AC62F8629D608D8000A04A2 /* Build configuration list for PBXNativeTarget "Basit Alert kullanimi" */;
			buildPhases = (
				0AC62F5829D608D6000A04A2 /* Sources */,
				0AC62F5929D608D6000A04A2 /* Frameworks */,
				0AC62F5A29D608D6000A04A2 /* Resources */,
			);
			buildRules = (
			);
			dependencies = (
			);
			name = "Basit Alert kullanimi";
			productName = "Basit Alert kullanimi";
			productReference = 0AC62F5C29D608D6000A04A2 /* Basit Alert kullanimi.app */;
			productType = "com.apple.product-type.application";
		};
		0AC62F7129D608D8000A04A2 /* Basit Alert kullanimiTests */ = {
			isa = PBXNativeTarget;
			buildConfigurationList = 0AC62F8929D608D8000A04A2 /* Build configuration list for PBXNativeTarget "Basit Alert kullanimiTests" */;
			buildPhases = (
				0AC62F6E29D608D8000A04A2 /* Sources */,
				0AC62F6F29D608D8000A04A2 /* Frameworks */,
				0AC62F7029D608D8000A04A2 /* Resources */,
			);
			buildRules = (
			);
			dependencies = (
				0AC62F7429D608D8000A04A2 /* PBXTargetDependency */,
			);
			name = "Basit Alert kullanimiTests";
			productName = "Basit Alert kullanimiTests";
			productReference = 0AC62F7229D608D8000A04A2 /* Basit Alert kullanimiTests.xctest */;
			productType = "com.apple.product-type.bundle.unit-test";
		};
		0AC62F7B29D608D8000A04A2 /* Basit Alert kullanimiUITests */ = {
			isa = PBXNativeTarget;
			buildConfigurationList = 0AC62F8C29D608D8000A04A2 /* Build configuration list for PBXNativeTarget "Basit Alert kullanimiUITests" */;
			buildPhases = (
				0AC62F7829D608D8000A04A2 /* Sources */,
				0AC62F7929D608D8000A04A2 /* Frameworks */,
				0AC62F7A29D608D8000A04A2 /* Resources */,
			);
			buildRules = (
			);
			dependencies = (
				0AC62F7E29D608D8000A04A2 /* PBXTargetDependency */,
			);
			name = "Basit Alert kullanimiUITests";
			productName = "Basit Alert kullanimiUITests";
			productReference = 0AC62F7C29D608D8000A04A2 /* Basit Alert kullanimiUITests.xctest */;
			productType = "com.apple.product-type.bundle.ui-testing";
		};
/* End PBXNativeTarget section */

/* Begin PBXProject section */
		0AC62F5429D608D6000A04A2 /* Project object */ = {
			isa = PBXProject;
			attributes = {
				BuildIndependentTargetsInParallel = 1;
				LastSwiftUpdateCheck = 1420;
				LastUpgradeCheck = 1420;
				TargetAttributes = {
					0AC62F5B29D608D6000A04A2 = {
						CreatedOnToolsVersion = 14.2;
					};
					0AC62F7129D608D8000A04A2 = {
						CreatedOnToolsVersion = 14.2;
						TestTargetID = 0AC62F5B29D608D6000A04A2;
					};
					0AC62F7B29D608D8000A04A2 = {
						CreatedOnToolsVersion = 14.2;
						TestTargetID = 0AC62F5B29D608D6000A04A2;
					};
				};
			};
			buildConfigurationList = 0AC62F5729D608D6000A04A2 /* Build configuration list for PBXProject "Basit Alert kullanimi" */;
			compatibilityVersion = "Xcode 14.0";
			developmentRegion = en;
			hasScannedForEncodings = 0;
			knownRegions = (
				en,
				Base,
			);
			mainGroup = 0AC62F5329D608D6000A04A2;
			productRefGroup = 0AC62F5D29D608D6000A04A2 /* Products */;
			projectDirPath = "";
			projectRoot = "";
			targets = (
				0AC62F5B29D608D6000A04A2 /* Basit Alert kullanimi */,
				0AC62F7129D608D8000A04A2 /* Basit Alert kullanimiTests */,
				0AC62F7B29D608D8000A04A2 /* Basit Alert kullanimiUITests */,
			);
		};
/* End PBXProject section */

/* Begin PBXResourcesBuildPhase section */
		0AC62F5A29D608D6000A04A2 /* Resources */ = {
			isa = PBXResourcesBuildPhase;
			buildActionMask = 2147483647;
			files = (
				0AC62F6C29D608D8000A04A2 /* LaunchScreen.storyboard in Resources */,
				0AC62F6929D608D8000A04A2 /* Assets.xcassets in Resources */,
				0AC62F6729D608D6000A04A2 /* Main.storyboard in Resources */,
			);
			runOnlyForDeploymentPostprocessing = 0;
		};
		0AC62F7029D608D8000A04A2 /* Resources */ = {
			isa = PBXResourcesBuildPhase;
			buildActionMask = 2147483647;
			files = (
			);
			runOnlyForDeploymentPostprocessing = 0;
		};
		0AC62F7A29D608D8000A04A2 /* Resources */ = {
			isa = PBXResourcesBuildPhase;
			buildActionMask = 2147483647;
			files = (
			);
			runOnlyForDeploymentPostprocessing = 0;
		};
/* End PBXResourcesBuildPhase section */

/* Begin PBXSourcesBuildPhase section */
		0AC62F5829D608D6000A04A2 /* Sources */ = {
			isa = PBXSourcesBuildPhase;
			buildActionMask = 2147483647;
			files = (
				0AC62F6429D608D6000A04A2 /* ViewController.swift in Sources */,
				0AC62F6029D608D6000A04A2 /* AppDelegate.swift in Sources */,
				0AC62F6229D608D6000A04A2 /* SceneDelegate.swift in Sources */,
			);
			runOnlyForDeploymentPostprocessing = 0;
		};
		0AC62F6E29D608D8000A04A2 /* Sources */ = {
			isa = PBXSourcesBuildPhase;
			buildActionMask = 2147483647;
			files = (
				0AC62F7729D608D8000A04A2 /* Basit_Alert_kullanimiTests.swift in Sources */,
			);
			runOnlyForDeploymentPostprocessing = 0;
		};
		0AC62F7829D608D8000A04A2 /* Sources */ = {
			isa = PBXSourcesBuildPhase;
			buildActionMask = 2147483647;
			files = (
				0AC62F8329D608D8000A04A2 /* Basit_Alert_kullanimiUITestsLaunchTests.swift in Sources */,
				0AC62F8129D608D8000A04A2 /* Basit_Alert_kullanimiUITests.swift in Sources */,
			);
			runOnlyForDeploymentPostprocessing = 0;
		};
/* End PBXSourcesBuildPhase section */

/* Begin PBXTargetDependency section */
		0AC62F7429D608D8000A04A2 /* PBXTargetDependency */ = {
			isa = PBXTargetDependency;
			target = 0AC62F5B29D608D6000A04A2 /* Basit Alert kullanimi */;
			targetProxy = 0AC62F7329D608D8000A04A2 /* PBXContainerItemProxy */;
		};
		0AC62F7E29D608D8000A04A2 /* PBXTargetDependency */ = {
			isa = PBXTargetDependency;
			target = 0AC62F5B29D608D6000A04A2 /* Basit Alert kullanimi */;
			targetProxy = 0AC62F7D29D608D8000A04A2 /* PBXContainerItemProxy */;
		};
/* End PBXTargetDependency section */

/* Begin PBXVariantGroup section */
		0AC62F6529D608D6000A04A2 /* Main.storyboard */ = {
			isa = PBXVariantGroup;
			children = (
				0AC62F6629D608D6000A04A2 /* Base */,
			);
			name = Main.storyboard;
			sourceTree = "<group>";
		};
		0AC62F6A29D608D8000A04A2 /* LaunchScreen.storyboard */ = {
			isa = PBXVariantGroup;
			children = (
				0AC62F6B29D608D8000A04A2 /* Base */,
			);
			name = LaunchScreen.storyboard;
			sourceTree = "<group>";
		};
/* End PBXVariantGroup section */

/* Begin XCBuildConfiguration section */
		0AC62F8429D608D8000A04A2 /* Debug */ = {
			isa = XCBuildConfiguration;
			buildSettings = {
				ALWAYS_SEARCH_USER_PATHS = NO;
				CLANG_ANALYZER_NONNULL = YES;
				CLANG_ANALYZER_NUMBER_OBJECT_CONVERSION = YES_AGGRESSIVE;
				CLANG_CXX_LANGUAGE_STANDARD = "gnu++20";
				CLANG_ENABLE_MODULES = YES;
				CLANG_ENABLE_OBJC_ARC = YES;
				CLANG_ENABLE_OBJC_WEAK = YES;
				CLANG_WARN_BLOCK_CAPTURE_AUTORELEASING = YES;
				CLANG_WARN_BOOL_CONVERSION = YES;
				CLANG_WARN_COMMA = YES;
				CLANG_WARN_CONSTANT_CONVERSION = YES;
				CLANG_WARN_DEPRECATED_OBJC_IMPLEMENTATIONS = YES;
				CLANG_WARN_DIRECT_OBJC_ISA_USAGE = YES_ERROR;
				CLANG_WARN_DOCUMENTATION_COMMENTS = YES;
				CLANG_WARN_EMPTY_BODY = YES;
				CLANG_WARN_ENUM_CONVERSION = YES;
				CLANG_WARN_INFINITE_RECURSION = YES;
				CLANG_WARN_INT_CONVERSION = YES;
				CLANG_WARN_NON_LITERAL_NULL_CONVERSION = YES;
				CLANG_WARN_OBJC_IMPLICIT_RETAIN_SELF = YES;
				CLANG_WARN_OBJC_LITERAL_CONVERSION = YES;
				CLANG_WARN_OBJC_ROOT_CLASS = YES_ERROR;
				CLANG_WARN_QUOTED_INCLUDE_IN_FRAMEWORK_HEADER = YES;
				CLANG_WARN_RANGE_LOOP_ANALYSIS = YES;
				CLANG_WARN_STRICT_PROTOTYPES = YES;
				CLANG_WARN_SUSPICIOUS_MOVE = YES;
				CLANG_WARN_UNGUARDED_AVAILABILITY = YES_AGGRESSIVE;
				CLANG_WARN_UNREACHABLE_CODE = YES;
				CLANG_WARN__DUPLICATE_METHOD_MATCH = YES;
				COPY_PHASE_STRIP = NO;
				DEBUG_INFORMATION_FORMAT = dwarf;
				ENABLE_STRICT_OBJC_MSGSEND = YES;
				ENABLE_TESTABILITY = YES;
				GCC_C_LANGUAGE_STANDARD = gnu11;
				GCC_DYNAMIC_NO_PIC = NO;
				GCC_NO_COMMON_BLOCKS = YES;
				GCC_OPTIMIZATION_LEVEL = 0;
				GCC_PREPROCESSOR_DEFINITIONS = (
					"DEBUG=1",
					"$(inherited)",
				);
				GCC_WARN_64_TO_32_BIT_CONVERSION = YES;
				GCC_WARN_ABOUT_RETURN_TYPE = YES_ERROR;
				GCC_WARN_UNDECLARED_SELECTOR = YES;
				GCC_WARN_UNINITIALIZED_AUTOS = YES_AGGRESSIVE;
				GCC_WARN_UNUSED_FUNCTION = YES;
				GCC_WARN_UNUSED_VARIABLE = YES;
				IPHONEOS_DEPLOYMENT_TARGET = 16.2;
				MTL_ENABLE_DEBUG_INFO = INCLUDE_SOURCE;
				MTL_FAST_MATH = YES;
				ONLY_ACTIVE_ARCH = YES;
				SDKROOT = iphoneos;
				SWIFT_ACTIVE_COMPILATION_CONDITIONS = DEBUG;
				SWIFT_OPTIMIZATION_LEVEL = "-Onone";
			};
			name = Debug;
		};
		0AC62F8529D608D8000A04A2 /* Release */ = {
			isa = XCBuildConfiguration;
			buildSettings = {
				ALWAYS_SEARCH_USER_PATHS = NO;
				CLANG_ANALYZER_NONNULL = YES;
				CLANG_ANALYZER_NUMBER_OBJECT_CONVERSION = YES_AGGRESSIVE;
				CLANG_CXX_LANGUAGE_STANDARD = "gnu++20";
				CLANG_ENABLE_MODULES = YES;
				CLANG_ENABLE_OBJC_ARC = YES;
				CLANG_ENABLE_OBJC_WEAK = YES;
				CLANG_WARN_BLOCK_CAPTURE_AUTORELEASING = YES;
				CLANG_WARN_BOOL_CONVERSION = YES;
				CLANG_WARN_COMMA = YES;
				CLANG_WARN_CONSTANT_CONVERSION = YES;
				CLANG_WARN_DEPRECATED_OBJC_IMPLEMENTATIONS = YES;
				CLANG_WARN_DIRECT_OBJC_ISA_USAGE = YES_ERROR;
				CLANG_WARN_DOCUMENTATION_COMMENTS = YES;
				CLANG_WARN_EMPTY_BODY = YES;
				CLANG_WARN_ENUM_CONVERSION = YES;
				CLANG_WARN_INFINITE_RECURSION = YES;
				CLANG_WARN_INT_CONVERSION = YES;
				CLANG_WARN_NON_LITERAL_NULL_CONVERSION = YES;
				CLANG_WARN_OBJC_IMPLICIT_RETAIN_SELF = YES;
				CLANG_WARN_OBJC_LITERAL_CONVERSION = YES;
				CLANG_WARN_OBJC_ROOT_CLASS = YES_ERROR;
				CLANG_WARN_QUOTED_INCLUDE_IN_FRAMEWORK_HEADER = YES;
				CLANG_WARN_RANGE_LOOP_ANALYSIS = YES;
				CLANG_WARN_STRICT_PROTOTYPES = YES;
				CLANG_WARN_SUSPICIOUS_MOVE = YES;
				CLANG_WARN_UNGUARDED_AVAILABILITY = YES_AGGRESSIVE;
				CLANG_WARN_UNREACHABLE_CODE = YES;
				CLANG_WARN__DUPLICATE_METHOD_MATCH = YES;
				COPY_PHASE_STRIP = NO;
				DEBUG_INFORMATION_FORMAT = "dwarf-with-dsym";
				ENABLE_NS_ASSERTIONS = NO;
				ENABLE_STRICT_OBJC_MSGSEND = YES;
				GCC_C_LANGUAGE_STANDARD = gnu11;
				GCC_NO_COMMON_BLOCKS = YES;
				GCC_WARN_64_TO_32_BIT_CONVERSION = YES;
				GCC_WARN_ABOUT_RETURN_TYPE = YES_ERROR;
				GCC_WARN_UNDECLARED_SELECTOR = YES;
				GCC_WARN_UNINITIALIZED_AUTOS = YES_AGGRESSIVE;
				GCC_WARN_UNUSED_FUNCTION = YES;
				GCC_WARN_UNUSED_VARIABLE = YES;
				IPHONEOS_DEPLOYMENT_TARGET = 16.2;
				MTL_ENABLE_DEBUG_INFO = NO;
				MTL_FAST_MATH = YES;
				SDKROOT = iphoneos;
				SWIFT_COMPILATION_MODE = wholemodule;
				SWIFT_OPTIMIZATION_LEVEL = "-O";
				VALIDATE_PRODUCT = YES;
			};
			name = Release;
		};
		0AC62F8729D608D8000A04A2 /* Debug */ = {
			isa = XCBuildConfiguration;
			buildSettings = {
				ASSETCATALOG_COMPILER_APPICON_NAME = AppIcon;
				ASSETCATALOG_COMPILER_GLOBAL_ACCENT_COLOR_NAME = AccentColor;
				CODE_SIGN_STYLE = Automatic;
				CURRENT_PROJECT_VERSION = 1;
				GENERATE_INFOPLIST_FILE = YES;
				INFOPLIST_FILE = "Basit Alert kullanimi/Info.plist";
				INFOPLIST_KEY_UIApplicationSupportsIndirectInputEvents = YES;
				INFOPLIST_KEY_UILaunchStoryboardName = LaunchScreen;
				INFOPLIST_KEY_UIMainStoryboardFile = Main;
				INFOPLIST_KEY_UISupportedInterfaceOrientations_iPad = "UIInterfaceOrientationPortrait UIInterfaceOrientationPortraitUpsideDown UIInterfaceOrientationLandscapeLeft UIInterfaceOrientationLandscapeRight";
				INFOPLIST_KEY_UISupportedInterfaceOrientations_iPhone = "UIInterfaceOrientationPortrait UIInterfaceOrientationLandscapeLeft UIInterfaceOrientationLandscapeRight";
				LD_RUNPATH_SEARCH_PATHS = (
					"$(inherited)",
					"@executable_path/Frameworks",
				);
				MARKETING_VERSION = 1.0;
				PRODUCT_BUNDLE_IDENTIFIER = "yurken.Basit-Alert-kullanimi";
				PRODUCT_NAME = "$(TARGET_NAME)";
				SWIFT_EMIT_LOC_STRINGS = YES;
				SWIFT_VERSION = 5.0;
				TARGETED_DEVICE_FAMILY = "1,2";
			};
			name = Debug;
		};
		0AC62F8829D608D8000A04A2 /* Release */ = {
			isa = XCBuildConfiguration;
			buildSettings = {
				ASSETCATALOG_COMPILER_APPICON_NAME = AppIcon;
				ASSETCATALOG_COMPILER_GLOBAL_ACCENT_COLOR_NAME = AccentColor;
				CODE_SIGN_STYLE = Automatic;
				CURRENT_PROJECT_VERSION = 1;
				GENERATE_INFOPLIST_FILE = YES;
				INFOPLIST_FILE = "Basit Alert kullanimi/Info.plist";
				INFOPLIST_KEY_UIApplicationSupportsIndirectInputEvents = YES;
				INFOPLIST_KEY_UILaunchStoryboardName = LaunchScreen;
				INFOPLIST_KEY_UIMainStoryboardFile = Main;
				INFOPLIST_KEY_UISupportedInterfaceOrientations_iPad = "UIInterfaceOrientationPortrait UIInterfaceOrientationPortraitUpsideDown UIInterfaceOrientationLandscapeLeft UIInterfaceOrientationLandscapeRight";
				INFOPLIST_KEY_UISupportedInterfaceOrientations_iPhone = "UIInterfaceOrientationPortrait UIInterfaceOrientationLandscapeLeft UIInterfaceOrientationLandscapeRight";
				LD_RUNPATH_SEARCH_PATHS = (
					"$(inherited)",
					"@executable_path/Frameworks",
				);
				MARKETING_VERSION = 1.0;
				PRODUCT_BUNDLE_IDENTIFIER = "yurken.Basit-Alert-kullanimi";
				PRODUCT_NAME = "$(TARGET_NAME)";
				SWIFT_EMIT_LOC_STRINGS = YES;
				SWIFT_VERSION = 5.0;
				TARGETED_DEVICE_FAMILY = "1,2";
			};
			name = Release;
		};
		0AC62F8A29D608D8000A04A2 /* Debug */ = {
			isa = XCBuildConfiguration;
			buildSettings = {
				ALWAYS_EMBED_SWIFT_STANDARD_LIBRARIES = YES;
				BUNDLE_LOADER = "$(TEST_HOST)";
				CODE_SIGN_STYLE = Automatic;
				CURRENT_PROJECT_VERSION = 1;
				GENERATE_INFOPLIST_FILE = YES;
				IPHONEOS_DEPLOYMENT_TARGET = 16.2;
				MARKETING_VERSION = 1.0;
				PRODUCT_BUNDLE_IDENTIFIER = "yurken.Basit-Alert-kullanimiTests";
				PRODUCT_NAME = "$(TARGET_NAME)";
				SWIFT_EMIT_LOC_STRINGS = NO;
				SWIFT_VERSION = 5.0;
				TARGETED_DEVICE_FAMILY = "1,2";
				TEST_HOST = "$(BUILT_PRODUCTS_DIR)/Basit Alert kullanimi.app/$(BUNDLE_EXECUTABLE_FOLDER_PATH)/Basit Alert kullanimi";
			};
			name = Debug;
		};
		0AC62F8B29D608D8000A04A2 /* Release */ = {
			isa = XCBuildConfiguration;
			buildSettings = {
				ALWAYS_EMBED_SWIFT_STANDARD_LIBRARIES = YES;
				BUNDLE_LOADER = "$(TEST_HOST)";
				CODE_SIGN_STYLE = Automatic;
				CURRENT_PROJECT_VERSION = 1;
				GENERATE_INFOPLIST_FILE = YES;
				IPHONEOS_DEPLOYMENT_TARGET = 16.2;
				MARKETING_VERSION = 1.0;
				PRODUCT_BUNDLE_IDENTIFIER = "yurken.Basit-Alert-kullanimiTests";
				PRODUCT_NAME = "$(TARGET_NAME)";
				SWIFT_EMIT_LOC_STRINGS = NO;
				SWIFT_VERSION = 5.0;
				TARGETED_DEVICE_FAMILY = "1,2";
				TEST_HOST = "$(BUILT_PRODUCTS_DIR)/Basit Alert kullanimi.app/$(BUNDLE_EXECUTABLE_FOLDER_PATH)/Basit Alert kullanimi";
			};
			name = Release;
		};
		0AC62F8D29D608D8000A04A2 /* Debug */ = {
			isa = XCBuildConfiguration;
			buildSettings = {
				ALWAYS_EMBED_SWIFT_STANDARD_LIBRARIES = YES;
				CODE_SIGN_STYLE = Automatic;
				CURRENT_PROJECT_VERSION = 1;
				GENERATE_INFOPLIST_FILE = YES;
				MARKETING_VERSION = 1.0;
				PRODUCT_BUNDLE_IDENTIFIER = "yurken.Basit-Alert-kullanimiUITests";
				PRODUCT_NAME = "$(TARGET_NAME)";
				SWIFT_EMIT_LOC_STRINGS = NO;
				SWIFT_VERSION = 5.0;
				TARGETED_DEVICE_FAMILY = "1,2";
				TEST_TARGET_NAME = "Basit Alert kullanimi";
			};
			name = Debug;
		};
		0AC62F8E29D608D8000A04A2 /* Release */ = {
			isa = XCBuildConfiguration;
			buildSettings = {
				ALWAYS_EMBED_SWIFT_STANDARD_LIBRARIES = YES;
				CODE_SIGN_STYLE = Automatic;
				CURRENT_PROJECT_VERSION = 1;
				GENERATE_INFOPLIST_FILE = YES;
				MARKETING_VERSION = 1.0;
				PRODUCT_BUNDLE_IDENTIFIER = "yurken.Basit-Alert-kullanimiUITests";
				PRODUCT_NAME = "$(TARGET_NAME)";
				SWIFT_EMIT_LOC_STRINGS = NO;
				SWIFT_VERSION = 5.0;
				TARGETED_DEVICE_FAMILY = "1,2";
				TEST_TARGET_NAME = "Basit Alert kullanimi";
			};
			name = Release;
		};
/* End XCBuildConfiguration section */

/* Begin XCConfigurationList section */
		0AC62F5729D608D6000A04A2 /* Build configuration list for PBXProject "Basit Alert kullanimi" */ = {
			isa = XCConfigurationList;
			buildConfigurations = (
				0AC62F8429D608D8000A04A2 /* Debug */,
				0AC62F8529D608D8000A04A2 /* Release */,
			);
			defaultConfigurationIsVisible = 0;
			defaultConfigurationName = Release;
		};
		0AC62F8629D608D8000A04A2 /* Build configuration list for PBXNativeTarget "Basit Alert kullanimi" */ = {
			isa = XCConfigurationList;
			buildConfigurations = (
				0AC62F8729D608D8000A04A2 /* Debug */,
				0AC62F8829D608D8000A04A2 /* Release */,
			);
			defaultConfigurationIsVisible = 0;
			defaultConfigurationName = Release;
		};
		0AC62F8929D608D8000A04A2 /* Build configuration list for PBXNativeTarget "Basit Alert kullanimiTests" */ = {
			isa = XCConfigurationList;
			buildConfigurations = (
				0AC62F8A29D608D8000A04A2 /* Debug */,
				0AC62F8B29D608D8000A04A2 /* Release */,
			);
			defaultConfigurationIsVisible = 0;
			defaultConfigurationName = Release;
		};
		0AC62F8C29D608D8000A04A2 /* Build configuration list for PBXNativeTarget "Basit Alert kullanimiUITests" */ = {
			isa = XCConfigurationList;
			buildConfigurations = (
				0AC62F8D29D608D8000A04A2 /* Debug */,
				0AC62F8E29D608D8000A04A2 /* Release */,
			);
			defaultConfigurationIsVisible = 0;
			defaultConfigurationName = Release;
		};
/* End XCConfigurationList section */
	};
	rootObject = 0AC62F5429D608D6000A04A2 /* Project object */;
}
